// !$*UTF8*$!
{
	archiveVersion = 1;
	classes = {
	};
	objectVersion = 50;
	objects = {

/* Begin PBXBuildFile section */
		4804608820C99451005774D1 /* TodosInputHeader.swift in Sources */ = {isa = PBXBuildFile; fileRef = 4804608720C99451005774D1 /* TodosInputHeader.swift */; };
		4804608A20C9A264005774D1 /* Throttler.swift in Sources */ = {isa = PBXBuildFile; fileRef = 4804608920C9A264005774D1 /* Throttler.swift */; };
		48836FDB20BC5D8600BDC99E /* AppDelegate.swift in Sources */ = {isa = PBXBuildFile; fileRef = 48836FC220BC5D8600BDC99E /* AppDelegate.swift */; };
		48836FDC20BC5D8600BDC99E /* LaunchScreen.storyboard in Resources */ = {isa = PBXBuildFile; fileRef = 48836FC520BC5D8600BDC99E /* LaunchScreen.storyboard */; };
		48836FE020BC5D8600BDC99E /* Info.plist in Resources */ = {isa = PBXBuildFile; fileRef = 48836FCB20BC5D8600BDC99E /* Info.plist */; };
		48836FE120BC5D8600BDC99E /* Assets.xcassets in Resources */ = {isa = PBXBuildFile; fileRef = 48836FCC20BC5D8600BDC99E /* Assets.xcassets */; };
		489EA99420BC5A1100A39B77 /* MartianForumTests.swift in Sources */ = {isa = PBXBuildFile; fileRef = 489EA99320BC5A1100A39B77 /* MartianForumTests.swift */; };
		48A227E420C2D9CD004445E8 /* PostDetailsInputCell.swift in Sources */ = {isa = PBXBuildFile; fileRef = 48A227E320C2D9CD004445E8 /* PostDetailsInputCell.swift */; };
		48CB204F20C07D58005D1A25 /* HttpRequest.swift in Sources */ = {isa = PBXBuildFile; fileRef = 48CB204E20C07D58005D1A25 /* HttpRequest.swift */; };
		48CB205420C08D7A005D1A25 /* HttpRequestQueryBuilder.swift in Sources */ = {isa = PBXBuildFile; fileRef = 48CB205320C08D7A005D1A25 /* HttpRequestQueryBuilder.swift */; };
		48CB205620C09087005D1A25 /* HttpRequestQueryBuilderTests.swift in Sources */ = {isa = PBXBuildFile; fileRef = 48CB205520C09087005D1A25 /* HttpRequestQueryBuilderTests.swift */; };
		48CB205920C092D5005D1A25 /* PostsWorker.swift in Sources */ = {isa = PBXBuildFile; fileRef = 48CB205820C092D5005D1A25 /* PostsWorker.swift */; };
		48CCE53220C06DBB004E90EE /* Requestable.swift in Sources */ = {isa = PBXBuildFile; fileRef = 48CCE53120C06DBB004E90EE /* Requestable.swift */; };
		48CCE53720C0756F004E90EE /* PostsNetworkServiceTests.swift in Sources */ = {isa = PBXBuildFile; fileRef = 48CCE53620C0756F004E90EE /* PostsNetworkServiceTests.swift */; };
		48CCE53920C07CAD004E90EE /* HttpRequestAuthSerializer.swift in Sources */ = {isa = PBXBuildFile; fileRef = 48CCE53820C07CAD004E90EE /* HttpRequestAuthSerializer.swift */; };
		48DEF07A20C8484B00EBC236 /* TodosCell.swift in Sources */ = {isa = PBXBuildFile; fileRef = 48DEF07920C8484B00EBC236 /* TodosCell.swift */; };
		48DEF07F20C84E7C00EBC236 /* TodosWorker.swift in Sources */ = {isa = PBXBuildFile; fileRef = 48DEF07E20C84E7C00EBC236 /* TodosWorker.swift */; };
		48DEF08120C854E100EBC236 /* TodosSectionHeader.swift in Sources */ = {isa = PBXBuildFile; fileRef = 48DEF08020C854E100EBC236 /* TodosSectionHeader.swift */; };
		48E2F9B420C25BF70026D6D2 /* Localizable.strings in Resources */ = {isa = PBXBuildFile; fileRef = 48E2F9B620C25BF70026D6D2 /* Localizable.strings */; };
		48E2F9B820C25CCD0026D6D2 /* UIAlertController-Martian.swift in Sources */ = {isa = PBXBuildFile; fileRef = 48E2F9B720C25CCD0026D6D2 /* UIAlertController-Martian.swift */; };
		48E2F9BB20C265F30026D6D2 /* PostUser.swift in Sources */ = {isa = PBXBuildFile; fileRef = 48E2F9BA20C265F30026D6D2 /* PostUser.swift */; };
		48E2F9BD20C27C890026D6D2 /* DecodingErrorDiagnoser.swift in Sources */ = {isa = PBXBuildFile; fileRef = 48E2F9BC20C27C890026D6D2 /* DecodingErrorDiagnoser.swift */; };
		48E2F9C520C282B20026D6D2 /* PostDetailsPresenter.swift in Sources */ = {isa = PBXBuildFile; fileRef = 48E2F9C020C282B20026D6D2 /* PostDetailsPresenter.swift */; };
		48E2F9C620C282B20026D6D2 /* PostDetailsRouter.swift in Sources */ = {isa = PBXBuildFile; fileRef = 48E2F9C120C282B20026D6D2 /* PostDetailsRouter.swift */; };
		48E2F9C720C282B20026D6D2 /* PostDetailsViewController.swift in Sources */ = {isa = PBXBuildFile; fileRef = 48E2F9C220C282B20026D6D2 /* PostDetailsViewController.swift */; };
		48E2F9C820C282B20026D6D2 /* PostDetailsInteractor.swift in Sources */ = {isa = PBXBuildFile; fileRef = 48E2F9C320C282B20026D6D2 /* PostDetailsInteractor.swift */; };
		48E2F9CB20C2834D0026D6D2 /* PostDetailsTitleCell.swift in Sources */ = {isa = PBXBuildFile; fileRef = 48E2F9CA20C2834D0026D6D2 /* PostDetailsTitleCell.swift */; };
		48E2F9CD20C283550026D6D2 /* PostDetailsCommentCell.swift in Sources */ = {isa = PBXBuildFile; fileRef = 48E2F9CC20C283550026D6D2 /* PostDetailsCommentCell.swift */; };
		48E2F9D220C2836F0026D6D2 /* PostDetailsDataSource.swift in Sources */ = {isa = PBXBuildFile; fileRef = 48E2F9D120C2836F0026D6D2 /* PostDetailsDataSource.swift */; };
		48E2F9D420C283840026D6D2 /* PostDetailsSection.swift in Sources */ = {isa = PBXBuildFile; fileRef = 48E2F9D320C283840026D6D2 /* PostDetailsSection.swift */; };
		48E2F9D620C2838A0026D6D2 /* PostDetailsRow.swift in Sources */ = {isa = PBXBuildFile; fileRef = 48E2F9D520C2838A0026D6D2 /* PostDetailsRow.swift */; };
		48E2F9D920C287360026D6D2 /* CommentsWorker.swift in Sources */ = {isa = PBXBuildFile; fileRef = 48E2F9D820C287360026D6D2 /* CommentsWorker.swift */; };
		48E2F9E320C28AB00026D6D2 /* CommentingContentView.swift in Sources */ = {isa = PBXBuildFile; fileRef = 48E2F9DE20C28AB00026D6D2 /* CommentingContentView.swift */; };
		48E2F9E420C28AB00026D6D2 /* CommentingPresenter.swift in Sources */ = {isa = PBXBuildFile; fileRef = 48E2F9DF20C28AB00026D6D2 /* CommentingPresenter.swift */; };
		48E2F9E520C28AB00026D6D2 /* CommentingRouter.swift in Sources */ = {isa = PBXBuildFile; fileRef = 48E2F9E020C28AB00026D6D2 /* CommentingRouter.swift */; };
		48E2F9E620C28AB00026D6D2 /* CommentingViewController.swift in Sources */ = {isa = PBXBuildFile; fileRef = 48E2F9E120C28AB00026D6D2 /* CommentingViewController.swift */; };
		48E2F9E720C28AB00026D6D2 /* CommentingInteractor.swift in Sources */ = {isa = PBXBuildFile; fileRef = 48E2F9E220C28AB00026D6D2 /* CommentingInteractor.swift */; };
		48ECD54320C5E9CB00DF14BF /* PhotoCell.swift in Sources */ = {isa = PBXBuildFile; fileRef = 48ECD54220C5E9CB00DF14BF /* PhotoCell.swift */; };
		48ECD54620C5EBA100DF14BF /* AlbumPhoto.swift in Sources */ = {isa = PBXBuildFile; fileRef = 48ECD54520C5EBA100DF14BF /* AlbumPhoto.swift */; };
		48ECD54920C5ECDC00DF14BF /* AlbumPhotosWorker.swift in Sources */ = {isa = PBXBuildFile; fileRef = 48ECD54820C5ECDC00DF14BF /* AlbumPhotosWorker.swift */; };
		48ECD55B20C5F1A400DF14BF /* PhotosViewController.swift in Sources */ = {isa = PBXBuildFile; fileRef = 48ECD55620C5F1A400DF14BF /* PhotosViewController.swift */; };
		48ECD56020C5F20A00DF14BF /* PhotosDataSource.swift in Sources */ = {isa = PBXBuildFile; fileRef = 48ECD55F20C5F20A00DF14BF /* PhotosDataSource.swift */; };
		48ECD56220C5F21000DF14BF /* PhotosSection.swift in Sources */ = {isa = PBXBuildFile; fileRef = 48ECD56120C5F21000DF14BF /* PhotosSection.swift */; };
		48ECD56420C5F21700DF14BF /* PhotosRow.swift in Sources */ = {isa = PBXBuildFile; fileRef = 48ECD56320C5F21700DF14BF /* PhotosRow.swift */; };
		48ECD56820C5F85600DF14BF /* AlbumCell.swift in Sources */ = {isa = PBXBuildFile; fileRef = 48ECD56720C5F85600DF14BF /* AlbumCell.swift */; };
		48F4DC4220BC73D100ACAB5E /* UIColor-Martian.swift in Sources */ = {isa = PBXBuildFile; fileRef = 48F4DC4120BC73D100ACAB5E /* UIColor-Martian.swift */; };
		48F4DC4420BC765F00ACAB5E /* String-Martian.swift in Sources */ = {isa = PBXBuildFile; fileRef = 48F4DC4320BC765F00ACAB5E /* String-Martian.swift */; };
		48F4DC4620BC767C00ACAB5E /* Collection-Martian.swift in Sources */ = {isa = PBXBuildFile; fileRef = 48F4DC4520BC767C00ACAB5E /* Collection-Martian.swift */; };
		48F4DC4C20BC769A00ACAB5E /* UIBarButtonItem-Martian.swift in Sources */ = {isa = PBXBuildFile; fileRef = 48F4DC4720BC769A00ACAB5E /* UIBarButtonItem-Martian.swift */; };
		48F4DC4D20BC769A00ACAB5E /* UICollectionView-Martian.swift in Sources */ = {isa = PBXBuildFile; fileRef = 48F4DC4820BC769A00ACAB5E /* UICollectionView-Martian.swift */; };
		48F4DC4E20BC769A00ACAB5E /* UIFont-Martian.swift in Sources */ = {isa = PBXBuildFile; fileRef = 48F4DC4920BC769A00ACAB5E /* UIFont-Martian.swift */; };
		48F4DC4F20BC769A00ACAB5E /* UIView-Martian.swift in Sources */ = {isa = PBXBuildFile; fileRef = 48F4DC4A20BC769A00ACAB5E /* UIView-Martian.swift */; };
		48F4DC5020BC769A00ACAB5E /* UITableView-Martian.swift in Sources */ = {isa = PBXBuildFile; fileRef = 48F4DC4B20BC769A00ACAB5E /* UITableView-Martian.swift */; };
		48F4DC5220BC773400ACAB5E /* Logger.swift in Sources */ = {isa = PBXBuildFile; fileRef = 48F4DC5120BC773400ACAB5E /* Logger.swift */; };
		48F4DC5420BC775C00ACAB5E /* LogLevel.swift in Sources */ = {isa = PBXBuildFile; fileRef = 48F4DC5320BC775C00ACAB5E /* LogLevel.swift */; };
		48F4DC5720BC77A200ACAB5E /* ReusableView.swift in Sources */ = {isa = PBXBuildFile; fileRef = 48F4DC5620BC77A200ACAB5E /* ReusableView.swift */; };
		48F4DC5C20BC77EF00ACAB5E /* Environment.swift in Sources */ = {isa = PBXBuildFile; fileRef = 48F4DC5920BC77EF00ACAB5E /* Environment.swift */; };
		48F4DC5D20BC77EF00ACAB5E /* URLs.swift in Sources */ = {isa = PBXBuildFile; fileRef = 48F4DC5A20BC77EF00ACAB5E /* URLs.swift */; };
		48F4DC5E20BC77EF00ACAB5E /* Animations.swift in Sources */ = {isa = PBXBuildFile; fileRef = 48F4DC5B20BC77EF00ACAB5E /* Animations.swift */; };
		48F4DC6020BC781500ACAB5E /* URL-Martian.swift in Sources */ = {isa = PBXBuildFile; fileRef = 48F4DC5F20BC781500ACAB5E /* URL-Martian.swift */; };
		48F4DC6620BC78BB00ACAB5E /* AppearanceCustomisationProcess.swift in Sources */ = {isa = PBXBuildFile; fileRef = 48F4DC6320BC78BB00ACAB5E /* AppearanceCustomisationProcess.swift */; };
		48F4DC6720BC78BB00ACAB5E /* StartupProcessService.swift in Sources */ = {isa = PBXBuildFile; fileRef = 48F4DC6420BC78BB00ACAB5E /* StartupProcessService.swift */; };
		48F4DC6820BC78BB00ACAB5E /* StartupProcess.swift in Sources */ = {isa = PBXBuildFile; fileRef = 48F4DC6520BC78BB00ACAB5E /* StartupProcess.swift */; };
		48F4DC6A20BC794C00ACAB5E /* TabBarController.swift in Sources */ = {isa = PBXBuildFile; fileRef = 48F4DC6920BC794C00ACAB5E /* TabBarController.swift */; };
		48F4DC7220BC79C700ACAB5E /* PostsContentView.swift in Sources */ = {isa = PBXBuildFile; fileRef = 48F4DC6D20BC79C700ACAB5E /* PostsContentView.swift */; };
		48F4DC7320BC79C700ACAB5E /* PostsPresenter.swift in Sources */ = {isa = PBXBuildFile; fileRef = 48F4DC6E20BC79C700ACAB5E /* PostsPresenter.swift */; };
		48F4DC7420BC79C700ACAB5E /* PostsRouter.swift in Sources */ = {isa = PBXBuildFile; fileRef = 48F4DC6F20BC79C700ACAB5E /* PostsRouter.swift */; };
		48F4DC7520BC79C700ACAB5E /* PostsViewController.swift in Sources */ = {isa = PBXBuildFile; fileRef = 48F4DC7020BC79C700ACAB5E /* PostsViewController.swift */; };
		48F4DC7620BC79C700ACAB5E /* PostsInteractor.swift in Sources */ = {isa = PBXBuildFile; fileRef = 48F4DC7120BC79C700ACAB5E /* PostsInteractor.swift */; };
		48F4DC8120BC7A1300ACAB5E /* AlbumsPresenter.swift in Sources */ = {isa = PBXBuildFile; fileRef = 48F4DC7C20BC7A1300ACAB5E /* AlbumsPresenter.swift */; };
		48F4DC8220BC7A1300ACAB5E /* AlbumsRouter.swift in Sources */ = {isa = PBXBuildFile; fileRef = 48F4DC7D20BC7A1300ACAB5E /* AlbumsRouter.swift */; };
		48F4DC8320BC7A1300ACAB5E /* AlbumsViewController.swift in Sources */ = {isa = PBXBuildFile; fileRef = 48F4DC7E20BC7A1300ACAB5E /* AlbumsViewController.swift */; };
		48F4DC8420BC7A1300ACAB5E /* AlbumsInteractor.swift in Sources */ = {isa = PBXBuildFile; fileRef = 48F4DC7F20BC7A1300ACAB5E /* AlbumsInteractor.swift */; };
		48F4DC8A20BC7A2300ACAB5E /* TodosContentView.swift in Sources */ = {isa = PBXBuildFile; fileRef = 48F4DC8520BC7A2300ACAB5E /* TodosContentView.swift */; };
		48F4DC8B20BC7A2300ACAB5E /* TodosPresenter.swift in Sources */ = {isa = PBXBuildFile; fileRef = 48F4DC8620BC7A2300ACAB5E /* TodosPresenter.swift */; };
		48F4DC8C20BC7A2300ACAB5E /* TodosRouter.swift in Sources */ = {isa = PBXBuildFile; fileRef = 48F4DC8720BC7A2300ACAB5E /* TodosRouter.swift */; };
		48F4DC8D20BC7A2300ACAB5E /* TodosViewController.swift in Sources */ = {isa = PBXBuildFile; fileRef = 48F4DC8820BC7A2300ACAB5E /* TodosViewController.swift */; };
		48F4DC8E20BC7A2300ACAB5E /* TodosInteractor.swift in Sources */ = {isa = PBXBuildFile; fileRef = 48F4DC8920BC7A2300ACAB5E /* TodosInteractor.swift */; };
		48F4DC9420BC7AB900ACAB5E /* PostsDataSource.swift in Sources */ = {isa = PBXBuildFile; fileRef = 48F4DC9320BC7AB900ACAB5E /* PostsDataSource.swift */; };
		48F4DC9720BC7AFA00ACAB5E /* DataSourceProtocol.swift in Sources */ = {isa = PBXBuildFile; fileRef = 48F4DC9620BC7AFA00ACAB5E /* DataSourceProtocol.swift */; };
		48F4DC9B20BC7B5C00ACAB5E /* PostsSection.swift in Sources */ = {isa = PBXBuildFile; fileRef = 48F4DC9A20BC7B5C00ACAB5E /* PostsSection.swift */; };
		48F4DC9D20BC7B6000ACAB5E /* PostsRow.swift in Sources */ = {isa = PBXBuildFile; fileRef = 48F4DC9C20BC7B6000ACAB5E /* PostsRow.swift */; };
		48F4DCA320BC7C8800ACAB5E /* PostCell.swift in Sources */ = {isa = PBXBuildFile; fileRef = 48F4DCA220BC7C8800ACAB5E /* PostCell.swift */; };
		48F4DCA820BC7DDC00ACAB5E /* AlbumsDataSource.swift in Sources */ = {isa = PBXBuildFile; fileRef = 48F4DCA720BC7DDC00ACAB5E /* AlbumsDataSource.swift */; };
		48F4DCAA20BC7DEB00ACAB5E /* AlbumsSection.swift in Sources */ = {isa = PBXBuildFile; fileRef = 48F4DCA920BC7DEB00ACAB5E /* AlbumsSection.swift */; };
		48F4DCAC20BC7DF700ACAB5E /* AlbumsRow.swift in Sources */ = {isa = PBXBuildFile; fileRef = 48F4DCAB20BC7DF700ACAB5E /* AlbumsRow.swift */; };
		48F4DCAF20BC7E5D00ACAB5E /* TodosDataSource.swift in Sources */ = {isa = PBXBuildFile; fileRef = 48F4DCAE20BC7E5D00ACAB5E /* TodosDataSource.swift */; };
		48F4DCB120BC7E6300ACAB5E /* TodosSection.swift in Sources */ = {isa = PBXBuildFile; fileRef = 48F4DCB020BC7E6300ACAB5E /* TodosSection.swift */; };
		48F4DCB320BC7E6600ACAB5E /* TodosRow.swift in Sources */ = {isa = PBXBuildFile; fileRef = 48F4DCB220BC7E6600ACAB5E /* TodosRow.swift */; };
		48F4DCB620BC7F0700ACAB5E /* HttpRequestDispatcher.swift in Sources */ = {isa = PBXBuildFile; fileRef = 48F4DCB520BC7F0700ACAB5E /* HttpRequestDispatcher.swift */; };
		48F4DCB920BC7F2100ACAB5E /* ResourceProtocol.swift in Sources */ = {isa = PBXBuildFile; fileRef = 48F4DCB820BC7F2100ACAB5E /* ResourceProtocol.swift */; };
		48F4DCBB20BC7F4700ACAB5E /* ClosureDefinition.swift in Sources */ = {isa = PBXBuildFile; fileRef = 48F4DCBA20BC7F4700ACAB5E /* ClosureDefinition.swift */; };
		48F4DCBE20BC7F7700ACAB5E /* MartianError.swift in Sources */ = {isa = PBXBuildFile; fileRef = 48F4DCBD20BC7F7700ACAB5E /* MartianError.swift */; };
		48F4DCC220BC805C00ACAB5E /* NetworkError.swift in Sources */ = {isa = PBXBuildFile; fileRef = 48F4DCC120BC805C00ACAB5E /* NetworkError.swift */; };
		48F4DCCD20BC82C300ACAB5E /* Resources.swift in Sources */ = {isa = PBXBuildFile; fileRef = 48F4DCCC20BC82C300ACAB5E /* Resources.swift */; };
		48F4DCD020BC83FD00ACAB5E /* HttpRequestJSONSerializer.swift in Sources */ = {isa = PBXBuildFile; fileRef = 48F4DCCF20BC83FD00ACAB5E /* HttpRequestJSONSerializer.swift */; };
		48F4DCD520BC864B00ACAB5E /* HttpRequestSerializer.swift in Sources */ = {isa = PBXBuildFile; fileRef = 48F4DCD420BC864B00ACAB5E /* HttpRequestSerializer.swift */; };
		48F55BA420C71D13006DF39C /* AlbumHeaderReusableView.swift in Sources */ = {isa = PBXBuildFile; fileRef = 48F55BA320C71D13006DF39C /* AlbumHeaderReusableView.swift */; };
		48F55BB220C72406006DF39C /* PhotoContentView.swift in Sources */ = {isa = PBXBuildFile; fileRef = 48F55BAD20C72406006DF39C /* PhotoContentView.swift */; };
		48F55BB420C72406006DF39C /* PhotoRouter.swift in Sources */ = {isa = PBXBuildFile; fileRef = 48F55BAF20C72406006DF39C /* PhotoRouter.swift */; };
		48F55BB520C72406006DF39C /* PhotoViewController.swift in Sources */ = {isa = PBXBuildFile; fileRef = 48F55BB020C72406006DF39C /* PhotoViewController.swift */; };
		48F71E6020BE795F0026D237 /* RestfulNetworkService.swift in Sources */ = {isa = PBXBuildFile; fileRef = 48F71E5F20BE795F0026D237 /* RestfulNetworkService.swift */; };
		48F71E6A20BE7BF30026D237 /* Post.swift in Sources */ = {isa = PBXBuildFile; fileRef = 48F71E6920BE7BF30026D237 /* Post.swift */; };
		48F71E6C20BE7BF60026D237 /* Comment.swift in Sources */ = {isa = PBXBuildFile; fileRef = 48F71E6B20BE7BF60026D237 /* Comment.swift */; };
		48F71E6E20BE7BFA0026D237 /* Todo.swift in Sources */ = {isa = PBXBuildFile; fileRef = 48F71E6D20BE7BFA0026D237 /* Todo.swift */; };
		48F71E7020BE7BFE0026D237 /* Album.swift in Sources */ = {isa = PBXBuildFile; fileRef = 48F71E6F20BE7BFE0026D237 /* Album.swift */; };
		48F71E7220BE7C010026D237 /* Photo.swift in Sources */ = {isa = PBXBuildFile; fileRef = 48F71E7120BE7C010026D237 /* Photo.swift */; };
		48F71E7420BE7C160026D237 /* User.swift in Sources */ = {isa = PBXBuildFile; fileRef = 48F71E7320BE7C160026D237 /* User.swift */; };
		6EFF71BCDF43CE1664B9B5E1 /* Pods_MartianForum.framework in Frameworks */ = {isa = PBXBuildFile; fileRef = 4AEBDB11283BF1D16E73CFD6 /* Pods_MartianForum.framework */; };
		EB2564D1065F2DF8332BAA4B /* Pods_MartianForumTests.framework in Frameworks */ = {isa = PBXBuildFile; fileRef = CF44CDA3EEE51C5EADB459E3 /* Pods_MartianForumTests.framework */; };
/* End PBXBuildFile section */

/* Begin PBXContainerItemProxy section */
		489EA99020BC5A1100A39B77 /* PBXContainerItemProxy */ = {
			isa = PBXContainerItemProxy;
			containerPortal = 489EA97320BC5A1000A39B77 /* Project object */;
			proxyType = 1;
			remoteGlobalIDString = 489EA97A20BC5A1000A39B77;
			remoteInfo = MartianForum;
		};
/* End PBXContainerItemProxy section */

/* Begin PBXFileReference section */
		12338E65777B1E001985E489 /* Pods-MartianForum.debug.xcconfig */ = {isa = PBXFileReference; includeInIndex = 1; lastKnownFileType = text.xcconfig; name = "Pods-MartianForum.debug.xcconfig"; path = "Pods/Target Support Files/Pods-MartianForum/Pods-MartianForum.debug.xcconfig"; sourceTree = "<group>"; };
		156D9AF33124ABB1E714C93D /* Pods-MartianForumTests.debug.xcconfig */ = {isa = PBXFileReference; includeInIndex = 1; lastKnownFileType = text.xcconfig; name = "Pods-MartianForumTests.debug.xcconfig"; path = "Pods/Target Support Files/Pods-MartianForumTests/Pods-MartianForumTests.debug.xcconfig"; sourceTree = "<group>"; };
		4804608720C99451005774D1 /* TodosInputHeader.swift */ = {isa = PBXFileReference; lastKnownFileType = sourcecode.swift; path = TodosInputHeader.swift; sourceTree = "<group>"; };
		4804608920C9A264005774D1 /* Throttler.swift */ = {isa = PBXFileReference; lastKnownFileType = sourcecode.swift; path = Throttler.swift; sourceTree = "<group>"; };
		48836FC220BC5D8600BDC99E /* AppDelegate.swift */ = {isa = PBXFileReference; fileEncoding = 4; lastKnownFileType = sourcecode.swift; path = AppDelegate.swift; sourceTree = "<group>"; };
		48836FC520BC5D8600BDC99E /* LaunchScreen.storyboard */ = {isa = PBXFileReference; fileEncoding = 4; lastKnownFileType = file.storyboard; path = LaunchScreen.storyboard; sourceTree = "<group>"; };
		48836FCB20BC5D8600BDC99E /* Info.plist */ = {isa = PBXFileReference; fileEncoding = 4; lastKnownFileType = text.plist.xml; path = Info.plist; sourceTree = "<group>"; };
		48836FCC20BC5D8600BDC99E /* Assets.xcassets */ = {isa = PBXFileReference; lastKnownFileType = folder.assetcatalog; path = Assets.xcassets; sourceTree = "<group>"; };
		489EA97B20BC5A1000A39B77 /* MartianForum.app */ = {isa = PBXFileReference; explicitFileType = wrapper.application; includeInIndex = 0; path = MartianForum.app; sourceTree = BUILT_PRODUCTS_DIR; };
		489EA98F20BC5A1100A39B77 /* MartianForumTests.xctest */ = {isa = PBXFileReference; explicitFileType = wrapper.cfbundle; includeInIndex = 0; path = MartianForumTests.xctest; sourceTree = BUILT_PRODUCTS_DIR; };
		489EA99320BC5A1100A39B77 /* MartianForumTests.swift */ = {isa = PBXFileReference; lastKnownFileType = sourcecode.swift; path = MartianForumTests.swift; sourceTree = "<group>"; };
		489EA99520BC5A1100A39B77 /* Info.plist */ = {isa = PBXFileReference; lastKnownFileType = text.plist.xml; path = Info.plist; sourceTree = "<group>"; };
		48A227E320C2D9CD004445E8 /* PostDetailsInputCell.swift */ = {isa = PBXFileReference; lastKnownFileType = sourcecode.swift; path = PostDetailsInputCell.swift; sourceTree = "<group>"; };
		48CB204E20C07D58005D1A25 /* HttpRequest.swift */ = {isa = PBXFileReference; lastKnownFileType = sourcecode.swift; path = HttpRequest.swift; sourceTree = "<group>"; };
		48CB205320C08D7A005D1A25 /* HttpRequestQueryBuilder.swift */ = {isa = PBXFileReference; lastKnownFileType = sourcecode.swift; path = HttpRequestQueryBuilder.swift; sourceTree = "<group>"; };
		48CB205520C09087005D1A25 /* HttpRequestQueryBuilderTests.swift */ = {isa = PBXFileReference; lastKnownFileType = sourcecode.swift; path = HttpRequestQueryBuilderTests.swift; sourceTree = "<group>"; };
		48CB205820C092D5005D1A25 /* PostsWorker.swift */ = {isa = PBXFileReference; lastKnownFileType = sourcecode.swift; path = PostsWorker.swift; sourceTree = "<group>"; };
		48CCE53120C06DBB004E90EE /* Requestable.swift */ = {isa = PBXFileReference; lastKnownFileType = sourcecode.swift; path = Requestable.swift; sourceTree = "<group>"; };
		48CCE53620C0756F004E90EE /* PostsNetworkServiceTests.swift */ = {isa = PBXFileReference; lastKnownFileType = sourcecode.swift; path = PostsNetworkServiceTests.swift; sourceTree = "<group>"; };
		48CCE53820C07CAD004E90EE /* HttpRequestAuthSerializer.swift */ = {isa = PBXFileReference; lastKnownFileType = sourcecode.swift; path = HttpRequestAuthSerializer.swift; sourceTree = "<group>"; };
		48DEF07920C8484B00EBC236 /* TodosCell.swift */ = {isa = PBXFileReference; lastKnownFileType = sourcecode.swift; path = TodosCell.swift; sourceTree = "<group>"; };
		48DEF07E20C84E7C00EBC236 /* TodosWorker.swift */ = {isa = PBXFileReference; lastKnownFileType = sourcecode.swift; path = TodosWorker.swift; sourceTree = "<group>"; };
		48DEF08020C854E100EBC236 /* TodosSectionHeader.swift */ = {isa = PBXFileReference; lastKnownFileType = sourcecode.swift; path = TodosSectionHeader.swift; sourceTree = "<group>"; };
		48E2F9B520C25BF70026D6D2 /* en */ = {isa = PBXFileReference; lastKnownFileType = text.plist.strings; name = en; path = en.lproj/Localizable.strings; sourceTree = "<group>"; };
		48E2F9B720C25CCD0026D6D2 /* UIAlertController-Martian.swift */ = {isa = PBXFileReference; lastKnownFileType = sourcecode.swift; path = "UIAlertController-Martian.swift"; sourceTree = "<group>"; };
		48E2F9BA20C265F30026D6D2 /* PostUser.swift */ = {isa = PBXFileReference; lastKnownFileType = sourcecode.swift; path = PostUser.swift; sourceTree = "<group>"; };
		48E2F9BC20C27C890026D6D2 /* DecodingErrorDiagnoser.swift */ = {isa = PBXFileReference; lastKnownFileType = sourcecode.swift; path = DecodingErrorDiagnoser.swift; sourceTree = "<group>"; };
		48E2F9C020C282B20026D6D2 /* PostDetailsPresenter.swift */ = {isa = PBXFileReference; lastKnownFileType = sourcecode.swift; path = PostDetailsPresenter.swift; sourceTree = "<group>"; };
		48E2F9C120C282B20026D6D2 /* PostDetailsRouter.swift */ = {isa = PBXFileReference; lastKnownFileType = sourcecode.swift; path = PostDetailsRouter.swift; sourceTree = "<group>"; };
		48E2F9C220C282B20026D6D2 /* PostDetailsViewController.swift */ = {isa = PBXFileReference; lastKnownFileType = sourcecode.swift; path = PostDetailsViewController.swift; sourceTree = "<group>"; };
		48E2F9C320C282B20026D6D2 /* PostDetailsInteractor.swift */ = {isa = PBXFileReference; lastKnownFileType = sourcecode.swift; path = PostDetailsInteractor.swift; sourceTree = "<group>"; };
		48E2F9CA20C2834D0026D6D2 /* PostDetailsTitleCell.swift */ = {isa = PBXFileReference; lastKnownFileType = sourcecode.swift; path = PostDetailsTitleCell.swift; sourceTree = "<group>"; };
		48E2F9CC20C283550026D6D2 /* PostDetailsCommentCell.swift */ = {isa = PBXFileReference; lastKnownFileType = sourcecode.swift; path = PostDetailsCommentCell.swift; sourceTree = "<group>"; };
		48E2F9D120C2836F0026D6D2 /* PostDetailsDataSource.swift */ = {isa = PBXFileReference; lastKnownFileType = sourcecode.swift; path = PostDetailsDataSource.swift; sourceTree = "<group>"; };
		48E2F9D320C283840026D6D2 /* PostDetailsSection.swift */ = {isa = PBXFileReference; lastKnownFileType = sourcecode.swift; path = PostDetailsSection.swift; sourceTree = "<group>"; };
		48E2F9D520C2838A0026D6D2 /* PostDetailsRow.swift */ = {isa = PBXFileReference; lastKnownFileType = sourcecode.swift; path = PostDetailsRow.swift; sourceTree = "<group>"; };
		48E2F9D820C287360026D6D2 /* CommentsWorker.swift */ = {isa = PBXFileReference; lastKnownFileType = sourcecode.swift; path = CommentsWorker.swift; sourceTree = "<group>"; };
		48E2F9DE20C28AB00026D6D2 /* CommentingContentView.swift */ = {isa = PBXFileReference; lastKnownFileType = sourcecode.swift; path = CommentingContentView.swift; sourceTree = "<group>"; };
		48E2F9DF20C28AB00026D6D2 /* CommentingPresenter.swift */ = {isa = PBXFileReference; lastKnownFileType = sourcecode.swift; path = CommentingPresenter.swift; sourceTree = "<group>"; };
		48E2F9E020C28AB00026D6D2 /* CommentingRouter.swift */ = {isa = PBXFileReference; lastKnownFileType = sourcecode.swift; path = CommentingRouter.swift; sourceTree = "<group>"; };
		48E2F9E120C28AB00026D6D2 /* CommentingViewController.swift */ = {isa = PBXFileReference; lastKnownFileType = sourcecode.swift; path = CommentingViewController.swift; sourceTree = "<group>"; };
		48E2F9E220C28AB00026D6D2 /* CommentingInteractor.swift */ = {isa = PBXFileReference; lastKnownFileType = sourcecode.swift; path = CommentingInteractor.swift; sourceTree = "<group>"; };
		48ECD54220C5E9CB00DF14BF /* PhotoCell.swift */ = {isa = PBXFileReference; lastKnownFileType = sourcecode.swift; path = PhotoCell.swift; sourceTree = "<group>"; };
		48ECD54520C5EBA100DF14BF /* AlbumPhoto.swift */ = {isa = PBXFileReference; lastKnownFileType = sourcecode.swift; path = AlbumPhoto.swift; sourceTree = "<group>"; };
		48ECD54820C5ECDC00DF14BF /* AlbumPhotosWorker.swift */ = {isa = PBXFileReference; lastKnownFileType = sourcecode.swift; path = AlbumPhotosWorker.swift; sourceTree = "<group>"; };
		48ECD55620C5F1A400DF14BF /* PhotosViewController.swift */ = {isa = PBXFileReference; lastKnownFileType = sourcecode.swift; path = PhotosViewController.swift; sourceTree = "<group>"; };
		48ECD55F20C5F20A00DF14BF /* PhotosDataSource.swift */ = {isa = PBXFileReference; lastKnownFileType = sourcecode.swift; path = PhotosDataSource.swift; sourceTree = "<group>"; };
		48ECD56120C5F21000DF14BF /* PhotosSection.swift */ = {isa = PBXFileReference; lastKnownFileType = sourcecode.swift; path = PhotosSection.swift; sourceTree = "<group>"; };
		48ECD56320C5F21700DF14BF /* PhotosRow.swift */ = {isa = PBXFileReference; lastKnownFileType = sourcecode.swift; path = PhotosRow.swift; sourceTree = "<group>"; };
		48ECD56720C5F85600DF14BF /* AlbumCell.swift */ = {isa = PBXFileReference; lastKnownFileType = sourcecode.swift; path = AlbumCell.swift; sourceTree = "<group>"; };
		48F4DC4120BC73D100ACAB5E /* UIColor-Martian.swift */ = {isa = PBXFileReference; lastKnownFileType = sourcecode.swift; path = "UIColor-Martian.swift"; sourceTree = "<group>"; };
		48F4DC4320BC765F00ACAB5E /* String-Martian.swift */ = {isa = PBXFileReference; fileEncoding = 4; lastKnownFileType = sourcecode.swift; path = "String-Martian.swift"; sourceTree = "<group>"; };
		48F4DC4520BC767C00ACAB5E /* Collection-Martian.swift */ = {isa = PBXFileReference; fileEncoding = 4; lastKnownFileType = sourcecode.swift; path = "Collection-Martian.swift"; sourceTree = "<group>"; };
		48F4DC4720BC769A00ACAB5E /* UIBarButtonItem-Martian.swift */ = {isa = PBXFileReference; fileEncoding = 4; lastKnownFileType = sourcecode.swift; path = "UIBarButtonItem-Martian.swift"; sourceTree = "<group>"; };
		48F4DC4820BC769A00ACAB5E /* UICollectionView-Martian.swift */ = {isa = PBXFileReference; fileEncoding = 4; lastKnownFileType = sourcecode.swift; path = "UICollectionView-Martian.swift"; sourceTree = "<group>"; };
		48F4DC4920BC769A00ACAB5E /* UIFont-Martian.swift */ = {isa = PBXFileReference; fileEncoding = 4; lastKnownFileType = sourcecode.swift; path = "UIFont-Martian.swift"; sourceTree = "<group>"; };
		48F4DC4A20BC769A00ACAB5E /* UIView-Martian.swift */ = {isa = PBXFileReference; fileEncoding = 4; lastKnownFileType = sourcecode.swift; path = "UIView-Martian.swift"; sourceTree = "<group>"; };
		48F4DC4B20BC769A00ACAB5E /* UITableView-Martian.swift */ = {isa = PBXFileReference; fileEncoding = 4; lastKnownFileType = sourcecode.swift; path = "UITableView-Martian.swift"; sourceTree = "<group>"; };
		48F4DC5120BC773400ACAB5E /* Logger.swift */ = {isa = PBXFileReference; fileEncoding = 4; lastKnownFileType = sourcecode.swift; path = Logger.swift; sourceTree = "<group>"; };
		48F4DC5320BC775C00ACAB5E /* LogLevel.swift */ = {isa = PBXFileReference; lastKnownFileType = sourcecode.swift; path = LogLevel.swift; sourceTree = "<group>"; };
		48F4DC5620BC77A200ACAB5E /* ReusableView.swift */ = {isa = PBXFileReference; lastKnownFileType = sourcecode.swift; path = ReusableView.swift; sourceTree = "<group>"; };
		48F4DC5920BC77EF00ACAB5E /* Environment.swift */ = {isa = PBXFileReference; fileEncoding = 4; lastKnownFileType = sourcecode.swift; path = Environment.swift; sourceTree = "<group>"; };
		48F4DC5A20BC77EF00ACAB5E /* URLs.swift */ = {isa = PBXFileReference; fileEncoding = 4; lastKnownFileType = sourcecode.swift; path = URLs.swift; sourceTree = "<group>"; };
		48F4DC5B20BC77EF00ACAB5E /* Animations.swift */ = {isa = PBXFileReference; fileEncoding = 4; lastKnownFileType = sourcecode.swift; path = Animations.swift; sourceTree = "<group>"; };
		48F4DC5F20BC781500ACAB5E /* URL-Martian.swift */ = {isa = PBXFileReference; fileEncoding = 4; lastKnownFileType = sourcecode.swift; path = "URL-Martian.swift"; sourceTree = "<group>"; };
		48F4DC6320BC78BB00ACAB5E /* AppearanceCustomisationProcess.swift */ = {isa = PBXFileReference; fileEncoding = 4; lastKnownFileType = sourcecode.swift; path = AppearanceCustomisationProcess.swift; sourceTree = "<group>"; };
		48F4DC6420BC78BB00ACAB5E /* StartupProcessService.swift */ = {isa = PBXFileReference; fileEncoding = 4; lastKnownFileType = sourcecode.swift; path = StartupProcessService.swift; sourceTree = "<group>"; };
		48F4DC6520BC78BB00ACAB5E /* StartupProcess.swift */ = {isa = PBXFileReference; fileEncoding = 4; lastKnownFileType = sourcecode.swift; path = StartupProcess.swift; sourceTree = "<group>"; };
		48F4DC6920BC794C00ACAB5E /* TabBarController.swift */ = {isa = PBXFileReference; lastKnownFileType = sourcecode.swift; path = TabBarController.swift; sourceTree = "<group>"; };
		48F4DC6D20BC79C700ACAB5E /* PostsContentView.swift */ = {isa = PBXFileReference; lastKnownFileType = sourcecode.swift; path = PostsContentView.swift; sourceTree = "<group>"; };
		48F4DC6E20BC79C700ACAB5E /* PostsPresenter.swift */ = {isa = PBXFileReference; lastKnownFileType = sourcecode.swift; path = PostsPresenter.swift; sourceTree = "<group>"; };
		48F4DC6F20BC79C700ACAB5E /* PostsRouter.swift */ = {isa = PBXFileReference; lastKnownFileType = sourcecode.swift; path = PostsRouter.swift; sourceTree = "<group>"; };
		48F4DC7020BC79C700ACAB5E /* PostsViewController.swift */ = {isa = PBXFileReference; lastKnownFileType = sourcecode.swift; path = PostsViewController.swift; sourceTree = "<group>"; };
		48F4DC7120BC79C700ACAB5E /* PostsInteractor.swift */ = {isa = PBXFileReference; lastKnownFileType = sourcecode.swift; path = PostsInteractor.swift; sourceTree = "<group>"; };
		48F4DC7C20BC7A1300ACAB5E /* AlbumsPresenter.swift */ = {isa = PBXFileReference; lastKnownFileType = sourcecode.swift; path = AlbumsPresenter.swift; sourceTree = "<group>"; };
		48F4DC7D20BC7A1300ACAB5E /* AlbumsRouter.swift */ = {isa = PBXFileReference; lastKnownFileType = sourcecode.swift; path = AlbumsRouter.swift; sourceTree = "<group>"; };
		48F4DC7E20BC7A1300ACAB5E /* AlbumsViewController.swift */ = {isa = PBXFileReference; lastKnownFileType = sourcecode.swift; path = AlbumsViewController.swift; sourceTree = "<group>"; };
		48F4DC7F20BC7A1300ACAB5E /* AlbumsInteractor.swift */ = {isa = PBXFileReference; lastKnownFileType = sourcecode.swift; path = AlbumsInteractor.swift; sourceTree = "<group>"; };
		48F4DC8520BC7A2300ACAB5E /* TodosContentView.swift */ = {isa = PBXFileReference; lastKnownFileType = sourcecode.swift; path = TodosContentView.swift; sourceTree = "<group>"; };
		48F4DC8620BC7A2300ACAB5E /* TodosPresenter.swift */ = {isa = PBXFileReference; lastKnownFileType = sourcecode.swift; path = TodosPresenter.swift; sourceTree = "<group>"; };
		48F4DC8720BC7A2300ACAB5E /* TodosRouter.swift */ = {isa = PBXFileReference; lastKnownFileType = sourcecode.swift; path = TodosRouter.swift; sourceTree = "<group>"; };
		48F4DC8820BC7A2300ACAB5E /* TodosViewController.swift */ = {isa = PBXFileReference; lastKnownFileType = sourcecode.swift; path = TodosViewController.swift; sourceTree = "<group>"; };
		48F4DC8920BC7A2300ACAB5E /* TodosInteractor.swift */ = {isa = PBXFileReference; lastKnownFileType = sourcecode.swift; path = TodosInteractor.swift; sourceTree = "<group>"; };
		48F4DC9320BC7AB900ACAB5E /* PostsDataSource.swift */ = {isa = PBXFileReference; lastKnownFileType = sourcecode.swift; path = PostsDataSource.swift; sourceTree = "<group>"; };
		48F4DC9620BC7AFA00ACAB5E /* DataSourceProtocol.swift */ = {isa = PBXFileReference; fileEncoding = 4; lastKnownFileType = sourcecode.swift; path = DataSourceProtocol.swift; sourceTree = "<group>"; };
		48F4DC9A20BC7B5C00ACAB5E /* PostsSection.swift */ = {isa = PBXFileReference; lastKnownFileType = sourcecode.swift; path = PostsSection.swift; sourceTree = "<group>"; };
		48F4DC9C20BC7B6000ACAB5E /* PostsRow.swift */ = {isa = PBXFileReference; lastKnownFileType = sourcecode.swift; path = PostsRow.swift; sourceTree = "<group>"; };
		48F4DCA220BC7C8800ACAB5E /* PostCell.swift */ = {isa = PBXFileReference; lastKnownFileType = sourcecode.swift; path = PostCell.swift; sourceTree = "<group>"; };
		48F4DCA720BC7DDC00ACAB5E /* AlbumsDataSource.swift */ = {isa = PBXFileReference; lastKnownFileType = sourcecode.swift; path = AlbumsDataSource.swift; sourceTree = "<group>"; };
		48F4DCA920BC7DEB00ACAB5E /* AlbumsSection.swift */ = {isa = PBXFileReference; lastKnownFileType = sourcecode.swift; path = AlbumsSection.swift; sourceTree = "<group>"; };
		48F4DCAB20BC7DF700ACAB5E /* AlbumsRow.swift */ = {isa = PBXFileReference; lastKnownFileType = sourcecode.swift; path = AlbumsRow.swift; sourceTree = "<group>"; };
		48F4DCAE20BC7E5D00ACAB5E /* TodosDataSource.swift */ = {isa = PBXFileReference; lastKnownFileType = sourcecode.swift; path = TodosDataSource.swift; sourceTree = "<group>"; };
		48F4DCB020BC7E6300ACAB5E /* TodosSection.swift */ = {isa = PBXFileReference; lastKnownFileType = sourcecode.swift; path = TodosSection.swift; sourceTree = "<group>"; };
		48F4DCB220BC7E6600ACAB5E /* TodosRow.swift */ = {isa = PBXFileReference; lastKnownFileType = sourcecode.swift; path = TodosRow.swift; sourceTree = "<group>"; };
		48F4DCB520BC7F0700ACAB5E /* HttpRequestDispatcher.swift */ = {isa = PBXFileReference; lastKnownFileType = sourcecode.swift; path = HttpRequestDispatcher.swift; sourceTree = "<group>"; };
		48F4DCB820BC7F2100ACAB5E /* ResourceProtocol.swift */ = {isa = PBXFileReference; lastKnownFileType = sourcecode.swift; path = ResourceProtocol.swift; sourceTree = "<group>"; };
		48F4DCBA20BC7F4700ACAB5E /* ClosureDefinition.swift */ = {isa = PBXFileReference; lastKnownFileType = sourcecode.swift; path = ClosureDefinition.swift; sourceTree = "<group>"; };
		48F4DCBD20BC7F7700ACAB5E /* MartianError.swift */ = {isa = PBXFileReference; lastKnownFileType = sourcecode.swift; path = MartianError.swift; sourceTree = "<group>"; };
		48F4DCC120BC805C00ACAB5E /* NetworkError.swift */ = {isa = PBXFileReference; lastKnownFileType = sourcecode.swift; path = NetworkError.swift; sourceTree = "<group>"; };
		48F4DCCC20BC82C300ACAB5E /* Resources.swift */ = {isa = PBXFileReference; lastKnownFileType = sourcecode.swift; path = Resources.swift; sourceTree = "<group>"; };
		48F4DCCF20BC83FD00ACAB5E /* HttpRequestJSONSerializer.swift */ = {isa = PBXFileReference; lastKnownFileType = sourcecode.swift; path = HttpRequestJSONSerializer.swift; sourceTree = "<group>"; };
		48F4DCD420BC864B00ACAB5E /* HttpRequestSerializer.swift */ = {isa = PBXFileReference; lastKnownFileType = sourcecode.swift; path = HttpRequestSerializer.swift; sourceTree = "<group>"; };
		48F55BA320C71D13006DF39C /* AlbumHeaderReusableView.swift */ = {isa = PBXFileReference; lastKnownFileType = sourcecode.swift; path = AlbumHeaderReusableView.swift; sourceTree = "<group>"; };
		48F55BAD20C72406006DF39C /* PhotoContentView.swift */ = {isa = PBXFileReference; lastKnownFileType = sourcecode.swift; path = PhotoContentView.swift; sourceTree = "<group>"; };
		48F55BAF20C72406006DF39C /* PhotoRouter.swift */ = {isa = PBXFileReference; lastKnownFileType = sourcecode.swift; path = PhotoRouter.swift; sourceTree = "<group>"; };
		48F55BB020C72406006DF39C /* PhotoViewController.swift */ = {isa = PBXFileReference; lastKnownFileType = sourcecode.swift; path = PhotoViewController.swift; sourceTree = "<group>"; };
		48F71E5F20BE795F0026D237 /* RestfulNetworkService.swift */ = {isa = PBXFileReference; lastKnownFileType = sourcecode.swift; path = RestfulNetworkService.swift; sourceTree = "<group>"; };
		48F71E6920BE7BF30026D237 /* Post.swift */ = {isa = PBXFileReference; lastKnownFileType = sourcecode.swift; path = Post.swift; sourceTree = "<group>"; };
		48F71E6B20BE7BF60026D237 /* Comment.swift */ = {isa = PBXFileReference; lastKnownFileType = sourcecode.swift; path = Comment.swift; sourceTree = "<group>"; };
		48F71E6D20BE7BFA0026D237 /* Todo.swift */ = {isa = PBXFileReference; lastKnownFileType = sourcecode.swift; path = Todo.swift; sourceTree = "<group>"; };
		48F71E6F20BE7BFE0026D237 /* Album.swift */ = {isa = PBXFileReference; lastKnownFileType = sourcecode.swift; path = Album.swift; sourceTree = "<group>"; };
		48F71E7120BE7C010026D237 /* Photo.swift */ = {isa = PBXFileReference; lastKnownFileType = sourcecode.swift; path = Photo.swift; sourceTree = "<group>"; };
		48F71E7320BE7C160026D237 /* User.swift */ = {isa = PBXFileReference; lastKnownFileType = sourcecode.swift; path = User.swift; sourceTree = "<group>"; };
		4AEBDB11283BF1D16E73CFD6 /* Pods_MartianForum.framework */ = {isa = PBXFileReference; explicitFileType = wrapper.framework; includeInIndex = 0; path = Pods_MartianForum.framework; sourceTree = BUILT_PRODUCTS_DIR; };
		A3FF4A76E39A6627C9BB0221 /* Pods-MartianForum.release.xcconfig */ = {isa = PBXFileReference; includeInIndex = 1; lastKnownFileType = text.xcconfig; name = "Pods-MartianForum.release.xcconfig"; path = "Pods/Target Support Files/Pods-MartianForum/Pods-MartianForum.release.xcconfig"; sourceTree = "<group>"; };
		A8C34FE5F79D32D19F3F3C46 /* Pods-MartianForumTests.release.xcconfig */ = {isa = PBXFileReference; includeInIndex = 1; lastKnownFileType = text.xcconfig; name = "Pods-MartianForumTests.release.xcconfig"; path = "Pods/Target Support Files/Pods-MartianForumTests/Pods-MartianForumTests.release.xcconfig"; sourceTree = "<group>"; };
		CF44CDA3EEE51C5EADB459E3 /* Pods_MartianForumTests.framework */ = {isa = PBXFileReference; explicitFileType = wrapper.framework; includeInIndex = 0; path = Pods_MartianForumTests.framework; sourceTree = BUILT_PRODUCTS_DIR; };
/* End PBXFileReference section */

/* Begin PBXFrameworksBuildPhase section */
		489EA97820BC5A1000A39B77 /* Frameworks */ = {
			isa = PBXFrameworksBuildPhase;
			buildActionMask = 2147483647;
			files = (
				6EFF71BCDF43CE1664B9B5E1 /* Pods_MartianForum.framework in Frameworks */,
			);
			runOnlyForDeploymentPostprocessing = 0;
		};
		489EA98C20BC5A1100A39B77 /* Frameworks */ = {
			isa = PBXFrameworksBuildPhase;
			buildActionMask = 2147483647;
			files = (
				EB2564D1065F2DF8332BAA4B /* Pods_MartianForumTests.framework in Frameworks */,
			);
			runOnlyForDeploymentPostprocessing = 0;
		};
/* End PBXFrameworksBuildPhase section */

/* Begin PBXGroup section */
		48836FBF20BC5D8600BDC99E /* MartianForum */ = {
			isa = PBXGroup;
			children = (
				48836FC020BC5D8600BDC99E /* App */,
				48836FD820BC5D8600BDC99E /* Common */,
				48836FC320BC5D8600BDC99E /* Resources */,
			);
			path = MartianForum;
			sourceTree = "<group>";
		};
		48836FC020BC5D8600BDC99E /* App */ = {
			isa = PBXGroup;
			children = (
				48836FC220BC5D8600BDC99E /* AppDelegate.swift */,
				48F4DC6C20BC798A00ACAB5E /* Scenes */,
			);
			path = App;
			sourceTree = "<group>";
		};
		48836FC320BC5D8600BDC99E /* Resources */ = {
			isa = PBXGroup;
			children = (
				48836FCC20BC5D8600BDC99E /* Assets.xcassets */,
				48E2F9B120C25BDE0026D6D2 /* Localizations */,
				48836FC420BC5D8600BDC99E /* Storyboards */,
				48836FCA20BC5D8600BDC99E /* Other */,
			);
			path = Resources;
			sourceTree = "<group>";
		};
		48836FC420BC5D8600BDC99E /* Storyboards */ = {
			isa = PBXGroup;
			children = (
				48836FC520BC5D8600BDC99E /* LaunchScreen.storyboard */,
			);
			path = Storyboards;
			sourceTree = "<group>";
		};
		48836FCA20BC5D8600BDC99E /* Other */ = {
			isa = PBXGroup;
			children = (
				48836FCB20BC5D8600BDC99E /* Info.plist */,
			);
			path = Other;
			sourceTree = "<group>";
		};
		48836FD820BC5D8600BDC99E /* Common */ = {
			isa = PBXGroup;
			children = (
				48F4DCBC20BC7F7000ACAB5E /* Models */,
				48F4DCB420BC7EDF00ACAB5E /* Network */,
				48F4DC3D20BC739D00ACAB5E /* Extensions */,
				48F4DC3820BC739700ACAB5E /* System */,
				48F4DC3620BC739600ACAB5E /* UI */,
				48F4DC5820BC77E000ACAB5E /* Config */,
				48F4DC3420BC739600ACAB5E /* Utilities */,
			);
			path = Common;
			sourceTree = "<group>";
		};
		489EA97220BC5A1000A39B77 = {
			isa = PBXGroup;
			children = (
				48836FBF20BC5D8600BDC99E /* MartianForum */,
				489EA99220BC5A1100A39B77 /* MartianForumTests */,
				489EA97C20BC5A1000A39B77 /* Products */,
				CCFF8D42C42D7B5D3C00D2E0 /* Pods */,
				8BFA50BE4E5EE7AADF152A68 /* Frameworks */,
			);
			indentWidth = 2;
			sourceTree = "<group>";
			tabWidth = 2;
		};
		489EA97C20BC5A1000A39B77 /* Products */ = {
			isa = PBXGroup;
			children = (
				489EA97B20BC5A1000A39B77 /* MartianForum.app */,
				489EA98F20BC5A1100A39B77 /* MartianForumTests.xctest */,
			);
			name = Products;
			sourceTree = "<group>";
		};
		489EA99220BC5A1100A39B77 /* MartianForumTests */ = {
			isa = PBXGroup;
			children = (
				48CCE53520C07562004E90EE /* Network */,
				489EA99320BC5A1100A39B77 /* MartianForumTests.swift */,
				489EA99520BC5A1100A39B77 /* Info.plist */,
			);
			path = MartianForumTests;
			sourceTree = "<group>";
		};
		48CB205020C08D31005D1A25 /* Queries */ = {
			isa = PBXGroup;
			children = (
			);
			path = Queries;
			sourceTree = "<group>";
		};
		48CB205720C092CE005D1A25 /* Worker */ = {
			isa = PBXGroup;
			children = (
				48CB205820C092D5005D1A25 /* PostsWorker.swift */,
			);
			path = Worker;
			sourceTree = "<group>";
		};
		48CCE53020C06DA8004E90EE /* Protocols */ = {
			isa = PBXGroup;
			children = (
				48CCE53120C06DBB004E90EE /* Requestable.swift */,
			);
			path = Protocols;
			sourceTree = "<group>";
		};
		48CCE53520C07562004E90EE /* Network */ = {
			isa = PBXGroup;
			children = (
				48CCE53620C0756F004E90EE /* PostsNetworkServiceTests.swift */,
				48CB205520C09087005D1A25 /* HttpRequestQueryBuilderTests.swift */,
			);
			path = Network;
			sourceTree = "<group>";
		};
		48DEF07D20C84E7200EBC236 /* Worker */ = {
			isa = PBXGroup;
			children = (
				48DEF07E20C84E7C00EBC236 /* TodosWorker.swift */,
			);
			path = Worker;
			sourceTree = "<group>";
		};
		48E2F9B120C25BDE0026D6D2 /* Localizations */ = {
			isa = PBXGroup;
			children = (
				48E2F9B620C25BF70026D6D2 /* Localizable.strings */,
			);
			path = Localizations;
			sourceTree = "<group>";
		};
		48E2F9B920C265EC0026D6D2 /* Models */ = {
			isa = PBXGroup;
			children = (
				48E2F9BA20C265F30026D6D2 /* PostUser.swift */,
			);
			path = Models;
			sourceTree = "<group>";
		};
		48E2F9BE20C2828D0026D6D2 /* Post details */ = {
			isa = PBXGroup;
			children = (
				48E2F9DD20C28A9F0026D6D2 /* Commenting */,
				48E2F9CE20C283580026D6D2 /* Data source */,
				48E2F9C920C282B90026D6D2 /* Views */,
				48E2F9D720C2872D0026D6D2 /* Workers */,
				48E2F9C120C282B20026D6D2 /* PostDetailsRouter.swift */,
				48E2F9C020C282B20026D6D2 /* PostDetailsPresenter.swift */,
				48E2F9C220C282B20026D6D2 /* PostDetailsViewController.swift */,
				48E2F9C320C282B20026D6D2 /* PostDetailsInteractor.swift */,
			);
			path = "Post details";
			sourceTree = "<group>";
		};
		48E2F9C920C282B90026D6D2 /* Views */ = {
			isa = PBXGroup;
			children = (
				48E2F9CA20C2834D0026D6D2 /* PostDetailsTitleCell.swift */,
				48E2F9CC20C283550026D6D2 /* PostDetailsCommentCell.swift */,
				48A227E320C2D9CD004445E8 /* PostDetailsInputCell.swift */,
			);
			path = Views;
			sourceTree = "<group>";
		};
		48E2F9CE20C283580026D6D2 /* Data source */ = {
			isa = PBXGroup;
			children = (
				48E2F9D120C2836F0026D6D2 /* PostDetailsDataSource.swift */,
				48E2F9D320C283840026D6D2 /* PostDetailsSection.swift */,
				48E2F9D520C2838A0026D6D2 /* PostDetailsRow.swift */,
			);
			path = "Data source";
			sourceTree = "<group>";
		};
		48E2F9D720C2872D0026D6D2 /* Workers */ = {
			isa = PBXGroup;
			children = (
				48E2F9D820C287360026D6D2 /* CommentsWorker.swift */,
			);
			path = Workers;
			sourceTree = "<group>";
		};
		48E2F9DD20C28A9F0026D6D2 /* Commenting */ = {
			isa = PBXGroup;
			children = (
				48E2F9E820C28ACA0026D6D2 /* Views */,
				48E2F9E020C28AB00026D6D2 /* CommentingRouter.swift */,
				48E2F9DF20C28AB00026D6D2 /* CommentingPresenter.swift */,
				48E2F9E120C28AB00026D6D2 /* CommentingViewController.swift */,
				48E2F9E220C28AB00026D6D2 /* CommentingInteractor.swift */,
			);
			path = Commenting;
			sourceTree = "<group>";
		};
		48E2F9E820C28ACA0026D6D2 /* Views */ = {
			isa = PBXGroup;
			children = (
				48E2F9DE20C28AB00026D6D2 /* CommentingContentView.swift */,
			);
			path = Views;
			sourceTree = "<group>";
		};
		48ECD54420C5EB9B00DF14BF /* Models */ = {
			isa = PBXGroup;
			children = (
				48ECD54520C5EBA100DF14BF /* AlbumPhoto.swift */,
			);
			path = Models;
			sourceTree = "<group>";
		};
		48ECD54720C5ECCD00DF14BF /* Worker */ = {
			isa = PBXGroup;
			children = (
				48ECD54820C5ECDC00DF14BF /* AlbumPhotosWorker.swift */,
			);
			path = Worker;
			sourceTree = "<group>";
		};
		48ECD55220C5F18C00DF14BF /* Photos */ = {
			isa = PBXGroup;
			children = (
				48ECD55D20C5F1D000DF14BF /* Data source */,
				48ECD55E20C5F1D500DF14BF /* Views */,
				48ECD55620C5F1A400DF14BF /* PhotosViewController.swift */,
			);
			path = Photos;
			sourceTree = "<group>";
		};
		48ECD55D20C5F1D000DF14BF /* Data source */ = {
			isa = PBXGroup;
			children = (
				48ECD55F20C5F20A00DF14BF /* PhotosDataSource.swift */,
				48ECD56120C5F21000DF14BF /* PhotosSection.swift */,
				48ECD56320C5F21700DF14BF /* PhotosRow.swift */,
			);
			path = "Data source";
			sourceTree = "<group>";
		};
		48ECD55E20C5F1D500DF14BF /* Views */ = {
			isa = PBXGroup;
			children = (
				48ECD54220C5E9CB00DF14BF /* PhotoCell.swift */,
			);
			path = Views;
			sourceTree = "<group>";
		};
		48F4DC3420BC739600ACAB5E /* Utilities */ = {
			isa = PBXGroup;
			children = (
				48F4DC5120BC773400ACAB5E /* Logger.swift */,
				48E2F9BC20C27C890026D6D2 /* DecodingErrorDiagnoser.swift */,
			);
			path = Utilities;
			sourceTree = "<group>";
		};
		48F4DC3620BC739600ACAB5E /* UI */ = {
			isa = PBXGroup;
			children = (
				48F4DC5520BC779800ACAB5E /* Protocols */,
			);
			path = UI;
			sourceTree = "<group>";
		};
		48F4DC3820BC739700ACAB5E /* System */ = {
			isa = PBXGroup;
			children = (
				48F4DC9520BC7AD700ACAB5E /* Protocols */,
				48F4DC6120BC78BB00ACAB5E /* Startup processes */,
				4804608920C9A264005774D1 /* Throttler.swift */,
			);
			path = System;
			sourceTree = "<group>";
		};
		48F4DC3D20BC739D00ACAB5E /* Extensions */ = {
			isa = PBXGroup;
			children = (
				48F4DC4020BC73C900ACAB5E /* UIKit */,
				48F4DC3F20BC73C400ACAB5E /* Foundation */,
			);
			path = Extensions;
			sourceTree = "<group>";
		};
		48F4DC3F20BC73C400ACAB5E /* Foundation */ = {
			isa = PBXGroup;
			children = (
				48F4DC5F20BC781500ACAB5E /* URL-Martian.swift */,
				48F4DC4520BC767C00ACAB5E /* Collection-Martian.swift */,
				48F4DC4320BC765F00ACAB5E /* String-Martian.swift */,
			);
			path = Foundation;
			sourceTree = "<group>";
		};
		48F4DC4020BC73C900ACAB5E /* UIKit */ = {
			isa = PBXGroup;
			children = (
				48F4DC4120BC73D100ACAB5E /* UIColor-Martian.swift */,
				48F4DC4720BC769A00ACAB5E /* UIBarButtonItem-Martian.swift */,
				48F4DC4820BC769A00ACAB5E /* UICollectionView-Martian.swift */,
				48F4DC4B20BC769A00ACAB5E /* UITableView-Martian.swift */,
				48F4DC4920BC769A00ACAB5E /* UIFont-Martian.swift */,
				48F4DC4A20BC769A00ACAB5E /* UIView-Martian.swift */,
				48E2F9B720C25CCD0026D6D2 /* UIAlertController-Martian.swift */,
			);
			path = UIKit;
			sourceTree = "<group>";
		};
		48F4DC5520BC779800ACAB5E /* Protocols */ = {
			isa = PBXGroup;
			children = (
				48F4DC9620BC7AFA00ACAB5E /* DataSourceProtocol.swift */,
				48F4DC5620BC77A200ACAB5E /* ReusableView.swift */,
			);
			path = Protocols;
			sourceTree = "<group>";
		};
		48F4DC5820BC77E000ACAB5E /* Config */ = {
			isa = PBXGroup;
			children = (
				48F4DC5B20BC77EF00ACAB5E /* Animations.swift */,
				48F4DC5920BC77EF00ACAB5E /* Environment.swift */,
				48F4DC5A20BC77EF00ACAB5E /* URLs.swift */,
				48F4DC5320BC775C00ACAB5E /* LogLevel.swift */,
				48F4DCBA20BC7F4700ACAB5E /* ClosureDefinition.swift */,
			);
			path = Config;
			sourceTree = "<group>";
		};
		48F4DC6120BC78BB00ACAB5E /* Startup processes */ = {
			isa = PBXGroup;
			children = (
				48F4DC6220BC78BB00ACAB5E /* Processes */,
				48F4DC6420BC78BB00ACAB5E /* StartupProcessService.swift */,
				48F4DC6520BC78BB00ACAB5E /* StartupProcess.swift */,
			);
			path = "Startup processes";
			sourceTree = "<group>";
		};
		48F4DC6220BC78BB00ACAB5E /* Processes */ = {
			isa = PBXGroup;
			children = (
				48F4DC6320BC78BB00ACAB5E /* AppearanceCustomisationProcess.swift */,
			);
			path = Processes;
			sourceTree = "<group>";
		};
		48F4DC6B20BC798200ACAB5E /* Tab bar */ = {
			isa = PBXGroup;
			children = (
				48F4DC6920BC794C00ACAB5E /* TabBarController.swift */,
			);
			path = "Tab bar";
			sourceTree = "<group>";
		};
		48F4DC6C20BC798A00ACAB5E /* Scenes */ = {
			isa = PBXGroup;
			children = (
				48F4DC6B20BC798200ACAB5E /* Tab bar */,
				48F4DC7820BC79EB00ACAB5E /* Posts */,
				48E2F9BE20C2828D0026D6D2 /* Post details */,
				48F4DC7A20BC79F500ACAB5E /* Albums */,
				48F4DC7920BC79F100ACAB5E /* Todos */,
			);
			path = Scenes;
			sourceTree = "<group>";
		};
		48F4DC7820BC79EB00ACAB5E /* Posts */ = {
			isa = PBXGroup;
			children = (
				48E2F9B920C265EC0026D6D2 /* Models */,
				48CB205720C092CE005D1A25 /* Worker */,
				48F4DC9220BC7AAF00ACAB5E /* Data source */,
				48F4DC8F20BC7A3700ACAB5E /* Views */,
				48F4DC6E20BC79C700ACAB5E /* PostsPresenter.swift */,
				48F4DC6F20BC79C700ACAB5E /* PostsRouter.swift */,
				48F4DC7020BC79C700ACAB5E /* PostsViewController.swift */,
				48F4DC7120BC79C700ACAB5E /* PostsInteractor.swift */,
			);
			path = Posts;
			sourceTree = "<group>";
		};
		48F4DC7920BC79F100ACAB5E /* Todos */ = {
			isa = PBXGroup;
			children = (
				48F4DCAD20BC7E5400ACAB5E /* Data source */,
				48F4DC9120BC7A4100ACAB5E /* Views */,
				48DEF07D20C84E7200EBC236 /* Worker */,
				48F4DC8720BC7A2300ACAB5E /* TodosRouter.swift */,
				48F4DC8820BC7A2300ACAB5E /* TodosViewController.swift */,
				48F4DC8620BC7A2300ACAB5E /* TodosPresenter.swift */,
				48F4DC8920BC7A2300ACAB5E /* TodosInteractor.swift */,
			);
			path = Todos;
			sourceTree = "<group>";
		};
		48F4DC7A20BC79F500ACAB5E /* Albums */ = {
			isa = PBXGroup;
			children = (
				48F55BAC20C723F5006DF39C /* Photo */,
				48ECD55220C5F18C00DF14BF /* Photos */,
				48ECD54420C5EB9B00DF14BF /* Models */,
				48F4DCA620BC7DD300ACAB5E /* Data source */,
				48F4DC9020BC7A3B00ACAB5E /* Views */,
				48ECD54720C5ECCD00DF14BF /* Worker */,
				48F4DC7C20BC7A1300ACAB5E /* AlbumsPresenter.swift */,
				48F4DC7D20BC7A1300ACAB5E /* AlbumsRouter.swift */,
				48F4DC7E20BC7A1300ACAB5E /* AlbumsViewController.swift */,
				48F4DC7F20BC7A1300ACAB5E /* AlbumsInteractor.swift */,
			);
			path = Albums;
			sourceTree = "<group>";
		};
		48F4DC8F20BC7A3700ACAB5E /* Views */ = {
			isa = PBXGroup;
			children = (
				48F4DC6D20BC79C700ACAB5E /* PostsContentView.swift */,
				48F4DCA220BC7C8800ACAB5E /* PostCell.swift */,
			);
			path = Views;
			sourceTree = "<group>";
		};
		48F4DC9020BC7A3B00ACAB5E /* Views */ = {
			isa = PBXGroup;
			children = (
				48ECD56720C5F85600DF14BF /* AlbumCell.swift */,
				48F55BA320C71D13006DF39C /* AlbumHeaderReusableView.swift */,
			);
			path = Views;
			sourceTree = "<group>";
		};
		48F4DC9120BC7A4100ACAB5E /* Views */ = {
			isa = PBXGroup;
			children = (
				48F4DC8520BC7A2300ACAB5E /* TodosContentView.swift */,
				48DEF08020C854E100EBC236 /* TodosSectionHeader.swift */,
				4804608720C99451005774D1 /* TodosInputHeader.swift */,
				48DEF07920C8484B00EBC236 /* TodosCell.swift */,
			);
			path = Views;
			sourceTree = "<group>";
		};
		48F4DC9220BC7AAF00ACAB5E /* Data source */ = {
			isa = PBXGroup;
			children = (
				48F4DC9320BC7AB900ACAB5E /* PostsDataSource.swift */,
				48F4DC9A20BC7B5C00ACAB5E /* PostsSection.swift */,
				48F4DC9C20BC7B6000ACAB5E /* PostsRow.swift */,
			);
			path = "Data source";
			sourceTree = "<group>";
		};
		48F4DC9520BC7AD700ACAB5E /* Protocols */ = {
			isa = PBXGroup;
			children = (
			);
			path = Protocols;
			sourceTree = "<group>";
		};
		48F4DCA620BC7DD300ACAB5E /* Data source */ = {
			isa = PBXGroup;
			children = (
				48F4DCA720BC7DDC00ACAB5E /* AlbumsDataSource.swift */,
				48F4DCA920BC7DEB00ACAB5E /* AlbumsSection.swift */,
				48F4DCAB20BC7DF700ACAB5E /* AlbumsRow.swift */,
			);
			path = "Data source";
			sourceTree = "<group>";
		};
		48F4DCAD20BC7E5400ACAB5E /* Data source */ = {
			isa = PBXGroup;
			children = (
				48F4DCAE20BC7E5D00ACAB5E /* TodosDataSource.swift */,
				48F4DCB020BC7E6300ACAB5E /* TodosSection.swift */,
				48F4DCB220BC7E6600ACAB5E /* TodosRow.swift */,
			);
			path = "Data source";
			sourceTree = "<group>";
		};
		48F4DCB420BC7EDF00ACAB5E /* Network */ = {
			isa = PBXGroup;
			children = (
				48CB205020C08D31005D1A25 /* Queries */,
				48F4DCB720BC7F1300ACAB5E /* Protocols */,
				48F71E5C20BE79500026D237 /* Services */,
				48F4DCD320BC85D900ACAB5E /* Request */,
				48F4DCC320BC81DA00ACAB5E /* Resources */,
			);
			path = Network;
			sourceTree = "<group>";
		};
		48F4DCB720BC7F1300ACAB5E /* Protocols */ = {
			isa = PBXGroup;
			children = (
				48F4DCB820BC7F2100ACAB5E /* ResourceProtocol.swift */,
			);
			path = Protocols;
			sourceTree = "<group>";
		};
		48F4DCBC20BC7F7000ACAB5E /* Models */ = {
			isa = PBXGroup;
			children = (
				48F4DCBF20BC804C00ACAB5E /* Protocols */,
				48F71E6820BE7BEE0026D237 /* Domain */,
				48F4DCC020BC805100ACAB5E /* Network */,
			);
			path = Models;
			sourceTree = "<group>";
		};
		48F4DCBF20BC804C00ACAB5E /* Protocols */ = {
			isa = PBXGroup;
			children = (
				48F4DCBD20BC7F7700ACAB5E /* MartianError.swift */,
			);
			path = Protocols;
			sourceTree = "<group>";
		};
		48F4DCC020BC805100ACAB5E /* Network */ = {
			isa = PBXGroup;
			children = (
				48CCE53020C06DA8004E90EE /* Protocols */,
				48F4DCC120BC805C00ACAB5E /* NetworkError.swift */,
			);
			path = Network;
			sourceTree = "<group>";
		};
		48F4DCC320BC81DA00ACAB5E /* Resources */ = {
			isa = PBXGroup;
			children = (
				48F4DCCC20BC82C300ACAB5E /* Resources.swift */,
			);
			path = Resources;
			sourceTree = "<group>";
		};
		48F4DCD320BC85D900ACAB5E /* Request */ = {
			isa = PBXGroup;
			children = (
				48F4DCB520BC7F0700ACAB5E /* HttpRequestDispatcher.swift */,
				48CB204E20C07D58005D1A25 /* HttpRequest.swift */,
				48F4DCD420BC864B00ACAB5E /* HttpRequestSerializer.swift */,
				48CCE53820C07CAD004E90EE /* HttpRequestAuthSerializer.swift */,
				48F4DCCF20BC83FD00ACAB5E /* HttpRequestJSONSerializer.swift */,
				48CB205320C08D7A005D1A25 /* HttpRequestQueryBuilder.swift */,
			);
			path = Request;
			sourceTree = "<group>";
		};
		48F55BAC20C723F5006DF39C /* Photo */ = {
			isa = PBXGroup;
			children = (
				48F55BB720C72AA8006DF39C /* Views */,
				48F55BAF20C72406006DF39C /* PhotoRouter.swift */,
				48F55BB020C72406006DF39C /* PhotoViewController.swift */,
			);
			path = Photo;
			sourceTree = "<group>";
		};
		48F55BB720C72AA8006DF39C /* Views */ = {
			isa = PBXGroup;
			children = (
				48F55BAD20C72406006DF39C /* PhotoContentView.swift */,
			);
			path = Views;
			sourceTree = "<group>";
		};
		48F71E5C20BE79500026D237 /* Services */ = {
			isa = PBXGroup;
			children = (
				48F71E5F20BE795F0026D237 /* RestfulNetworkService.swift */,
			);
			path = Services;
			sourceTree = "<group>";
		};
		48F71E6820BE7BEE0026D237 /* Domain */ = {
			isa = PBXGroup;
			children = (
				48F71E6920BE7BF30026D237 /* Post.swift */,
				48F71E6B20BE7BF60026D237 /* Comment.swift */,
				48F71E6D20BE7BFA0026D237 /* Todo.swift */,
				48F71E6F20BE7BFE0026D237 /* Album.swift */,
				48F71E7120BE7C010026D237 /* Photo.swift */,
				48F71E7320BE7C160026D237 /* User.swift */,
			);
			path = Domain;
			sourceTree = "<group>";
		};
		8BFA50BE4E5EE7AADF152A68 /* Frameworks */ = {
			isa = PBXGroup;
			children = (
				4AEBDB11283BF1D16E73CFD6 /* Pods_MartianForum.framework */,
				CF44CDA3EEE51C5EADB459E3 /* Pods_MartianForumTests.framework */,
			);
			name = Frameworks;
			sourceTree = "<group>";
		};
		CCFF8D42C42D7B5D3C00D2E0 /* Pods */ = {
			isa = PBXGroup;
			children = (
				12338E65777B1E001985E489 /* Pods-MartianForum.debug.xcconfig */,
				A3FF4A76E39A6627C9BB0221 /* Pods-MartianForum.release.xcconfig */,
				156D9AF33124ABB1E714C93D /* Pods-MartianForumTests.debug.xcconfig */,
				A8C34FE5F79D32D19F3F3C46 /* Pods-MartianForumTests.release.xcconfig */,
			);
			name = Pods;
			sourceTree = "<group>";
		};
/* End PBXGroup section */

/* Begin PBXNativeTarget section */
		489EA97A20BC5A1000A39B77 /* MartianForum */ = {
			isa = PBXNativeTarget;
			buildConfigurationList = 489EA99820BC5A1100A39B77 /* Build configuration list for PBXNativeTarget "MartianForum" */;
			buildPhases = (
				DC4F30212994299125C984AB /* [CP] Check Pods Manifest.lock */,
				489EA97720BC5A1000A39B77 /* Sources */,
				489EA97820BC5A1000A39B77 /* Frameworks */,
				489EA97920BC5A1000A39B77 /* Resources */,
				F2515059DE098070607B33DC /* [CP] Embed Pods Frameworks */,
				48836FBE20BC5C9000BDC99E /* Swift Lint */,
			);
			buildRules = (
			);
			dependencies = (
			);
			name = MartianForum;
			productName = MartianForum;
			productReference = 489EA97B20BC5A1000A39B77 /* MartianForum.app */;
			productType = "com.apple.product-type.application";
		};
		489EA98E20BC5A1100A39B77 /* MartianForumTests */ = {
			isa = PBXNativeTarget;
			buildConfigurationList = 489EA99B20BC5A1100A39B77 /* Build configuration list for PBXNativeTarget "MartianForumTests" */;
			buildPhases = (
				C69E6A6A41F1D772E0A3BD24 /* [CP] Check Pods Manifest.lock */,
				489EA98B20BC5A1100A39B77 /* Sources */,
				489EA98C20BC5A1100A39B77 /* Frameworks */,
				489EA98D20BC5A1100A39B77 /* Resources */,
			);
			buildRules = (
			);
			dependencies = (
				489EA99120BC5A1100A39B77 /* PBXTargetDependency */,
			);
			name = MartianForumTests;
			productName = MartianForumTests;
			productReference = 489EA98F20BC5A1100A39B77 /* MartianForumTests.xctest */;
			productType = "com.apple.product-type.bundle.unit-test";
		};
/* End PBXNativeTarget section */

/* Begin PBXProject section */
		489EA97320BC5A1000A39B77 /* Project object */ = {
			isa = PBXProject;
			attributes = {
				LastSwiftUpdateCheck = 0930;
				LastUpgradeCheck = 0930;
				ORGANIZATIONNAME = Codeopolis;
				TargetAttributes = {
					489EA97A20BC5A1000A39B77 = {
						CreatedOnToolsVersion = 9.3.1;
					};
					489EA98E20BC5A1100A39B77 = {
						CreatedOnToolsVersion = 9.3.1;
						TestTargetID = 489EA97A20BC5A1000A39B77;
					};
				};
			};
			buildConfigurationList = 489EA97620BC5A1000A39B77 /* Build configuration list for PBXProject "MartianForum" */;
			compatibilityVersion = "Xcode 9.3";
			developmentRegion = en;
			hasScannedForEncodings = 0;
			knownRegions = (
				en,
				Base,
			);
			mainGroup = 489EA97220BC5A1000A39B77;
			productRefGroup = 489EA97C20BC5A1000A39B77 /* Products */;
			projectDirPath = "";
			projectRoot = "";
			targets = (
				489EA97A20BC5A1000A39B77 /* MartianForum */,
				489EA98E20BC5A1100A39B77 /* MartianForumTests */,
			);
		};
/* End PBXProject section */

/* Begin PBXResourcesBuildPhase section */
		489EA97920BC5A1000A39B77 /* Resources */ = {
			isa = PBXResourcesBuildPhase;
			buildActionMask = 2147483647;
			files = (
				48836FE020BC5D8600BDC99E /* Info.plist in Resources */,
				48E2F9B420C25BF70026D6D2 /* Localizable.strings in Resources */,
				48836FE120BC5D8600BDC99E /* Assets.xcassets in Resources */,
				48836FDC20BC5D8600BDC99E /* LaunchScreen.storyboard in Resources */,
			);
			runOnlyForDeploymentPostprocessing = 0;
		};
		489EA98D20BC5A1100A39B77 /* Resources */ = {
			isa = PBXResourcesBuildPhase;
			buildActionMask = 2147483647;
			files = (
			);
			runOnlyForDeploymentPostprocessing = 0;
		};
/* End PBXResourcesBuildPhase section */

/* Begin PBXShellScriptBuildPhase section */
		48836FBE20BC5C9000BDC99E /* Swift Lint */ = {
			isa = PBXShellScriptBuildPhase;
			buildActionMask = 2147483647;
			files = (
			);
			inputPaths = (
			);
			name = "Swift Lint";
			outputPaths = (
			);
			runOnlyForDeploymentPostprocessing = 0;
			shellPath = /bin/sh;
			shellScript = "\"${PODS_ROOT}/SwiftLint/swiftlint\"";
		};
		C69E6A6A41F1D772E0A3BD24 /* [CP] Check Pods Manifest.lock */ = {
			isa = PBXShellScriptBuildPhase;
			buildActionMask = 2147483647;
			files = (
			);
			inputPaths = (
				"${PODS_PODFILE_DIR_PATH}/Podfile.lock",
				"${PODS_ROOT}/Manifest.lock",
			);
			name = "[CP] Check Pods Manifest.lock";
			outputPaths = (
				"$(DERIVED_FILE_DIR)/Pods-MartianForumTests-checkManifestLockResult.txt",
			);
			runOnlyForDeploymentPostprocessing = 0;
			shellPath = /bin/sh;
			shellScript = "diff \"${PODS_PODFILE_DIR_PATH}/Podfile.lock\" \"${PODS_ROOT}/Manifest.lock\" > /dev/null\nif [ $? != 0 ] ; then\n    # print error to STDERR\n    echo \"error: The sandbox is not in sync with the Podfile.lock. Run 'pod install' or update your CocoaPods installation.\" >&2\n    exit 1\nfi\n# This output is used by Xcode 'outputs' to avoid re-running this script phase.\necho \"SUCCESS\" > \"${SCRIPT_OUTPUT_FILE_0}\"\n";
			showEnvVarsInLog = 0;
		};
		DC4F30212994299125C984AB /* [CP] Check Pods Manifest.lock */ = {
			isa = PBXShellScriptBuildPhase;
			buildActionMask = 2147483647;
			files = (
			);
			inputPaths = (
				"${PODS_PODFILE_DIR_PATH}/Podfile.lock",
				"${PODS_ROOT}/Manifest.lock",
			);
			name = "[CP] Check Pods Manifest.lock";
			outputPaths = (
				"$(DERIVED_FILE_DIR)/Pods-MartianForum-checkManifestLockResult.txt",
			);
			runOnlyForDeploymentPostprocessing = 0;
			shellPath = /bin/sh;
			shellScript = "diff \"${PODS_PODFILE_DIR_PATH}/Podfile.lock\" \"${PODS_ROOT}/Manifest.lock\" > /dev/null\nif [ $? != 0 ] ; then\n    # print error to STDERR\n    echo \"error: The sandbox is not in sync with the Podfile.lock. Run 'pod install' or update your CocoaPods installation.\" >&2\n    exit 1\nfi\n# This output is used by Xcode 'outputs' to avoid re-running this script phase.\necho \"SUCCESS\" > \"${SCRIPT_OUTPUT_FILE_0}\"\n";
			showEnvVarsInLog = 0;
		};
		F2515059DE098070607B33DC /* [CP] Embed Pods Frameworks */ = {
			isa = PBXShellScriptBuildPhase;
			buildActionMask = 2147483647;
			files = (
			);
			inputPaths = (
				"${SRCROOT}/Pods/Target Support Files/Pods-MartianForum/Pods-MartianForum-frameworks.sh",
				"${BUILT_PRODUCTS_DIR}/Kingfisher/Kingfisher.framework",
				"${BUILT_PRODUCTS_DIR}/PromisesObjC/FBLPromises.framework",
				"${BUILT_PRODUCTS_DIR}/PromisesSwift/Promises.framework",
				"${BUILT_PRODUCTS_DIR}/SnapKit/SnapKit.framework",
			);
			name = "[CP] Embed Pods Frameworks";
			outputPaths = (
				"${TARGET_BUILD_DIR}/${FRAMEWORKS_FOLDER_PATH}/Kingfisher.framework",
				"${TARGET_BUILD_DIR}/${FRAMEWORKS_FOLDER_PATH}/FBLPromises.framework",
				"${TARGET_BUILD_DIR}/${FRAMEWORKS_FOLDER_PATH}/Promises.framework",
				"${TARGET_BUILD_DIR}/${FRAMEWORKS_FOLDER_PATH}/SnapKit.framework",
			);
			runOnlyForDeploymentPostprocessing = 0;
			shellPath = /bin/sh;
			shellScript = "\"${SRCROOT}/Pods/Target Support Files/Pods-MartianForum/Pods-MartianForum-frameworks.sh\"\n";
			showEnvVarsInLog = 0;
		};
/* End PBXShellScriptBuildPhase section */

/* Begin PBXSourcesBuildPhase section */
		489EA97720BC5A1000A39B77 /* Sources */ = {
			isa = PBXSourcesBuildPhase;
			buildActionMask = 2147483647;
			files = (
				48ECD54320C5E9CB00DF14BF /* PhotoCell.swift in Sources */,
				48F4DC8D20BC7A2300ACAB5E /* TodosViewController.swift in Sources */,
				48F4DCA320BC7C8800ACAB5E /* PostCell.swift in Sources */,
				48E2F9CB20C2834D0026D6D2 /* PostDetailsTitleCell.swift in Sources */,
				48CB205920C092D5005D1A25 /* PostsWorker.swift in Sources */,
				48F4DCAF20BC7E5D00ACAB5E /* TodosDataSource.swift in Sources */,
				48DEF08120C854E100EBC236 /* TodosSectionHeader.swift in Sources */,
				4804608820C99451005774D1 /* TodosInputHeader.swift in Sources */,
				48F4DC8120BC7A1300ACAB5E /* AlbumsPresenter.swift in Sources */,
				48A227E420C2D9CD004445E8 /* PostDetailsInputCell.swift in Sources */,
				48F4DCB920BC7F2100ACAB5E /* ResourceProtocol.swift in Sources */,
				48F4DCB120BC7E6300ACAB5E /* TodosSection.swift in Sources */,
				48E2F9D920C287360026D6D2 /* CommentsWorker.swift in Sources */,
				48F4DCD020BC83FD00ACAB5E /* HttpRequestJSONSerializer.swift in Sources */,
				48F4DC4F20BC769A00ACAB5E /* UIView-Martian.swift in Sources */,
				48F4DC7420BC79C700ACAB5E /* PostsRouter.swift in Sources */,
				48F4DC4420BC765F00ACAB5E /* String-Martian.swift in Sources */,
				48F4DC4C20BC769A00ACAB5E /* UIBarButtonItem-Martian.swift in Sources */,
				48F4DCB620BC7F0700ACAB5E /* HttpRequestDispatcher.swift in Sources */,
				48ECD56820C5F85600DF14BF /* AlbumCell.swift in Sources */,
				48ECD54920C5ECDC00DF14BF /* AlbumPhotosWorker.swift in Sources */,
				48F4DC5D20BC77EF00ACAB5E /* URLs.swift in Sources */,
				48E2F9B820C25CCD0026D6D2 /* UIAlertController-Martian.swift in Sources */,
				48CCE53920C07CAD004E90EE /* HttpRequestAuthSerializer.swift in Sources */,
				48CCE53220C06DBB004E90EE /* Requestable.swift in Sources */,
				48E2F9BB20C265F30026D6D2 /* PostUser.swift in Sources */,
				48F4DC9420BC7AB900ACAB5E /* PostsDataSource.swift in Sources */,
				48F4DCBB20BC7F4700ACAB5E /* ClosureDefinition.swift in Sources */,
				48ECD56220C5F21000DF14BF /* PhotosSection.swift in Sources */,
				48F4DC5720BC77A200ACAB5E /* ReusableView.swift in Sources */,
				48E2F9E420C28AB00026D6D2 /* CommentingPresenter.swift in Sources */,
				48E2F9E720C28AB00026D6D2 /* CommentingInteractor.swift in Sources */,
				48F55BB220C72406006DF39C /* PhotoContentView.swift in Sources */,
				48F4DC7220BC79C700ACAB5E /* PostsContentView.swift in Sources */,
				48F55BB420C72406006DF39C /* PhotoRouter.swift in Sources */,
				48F71E7220BE7C010026D237 /* Photo.swift in Sources */,
				48E2F9E520C28AB00026D6D2 /* CommentingRouter.swift in Sources */,
				48E2F9D620C2838A0026D6D2 /* PostDetailsRow.swift in Sources */,
				4804608A20C9A264005774D1 /* Throttler.swift in Sources */,
				48F4DC9720BC7AFA00ACAB5E /* DataSourceProtocol.swift in Sources */,
				48F4DCAA20BC7DEB00ACAB5E /* AlbumsSection.swift in Sources */,
				48E2F9E320C28AB00026D6D2 /* CommentingContentView.swift in Sources */,
				48F4DC4D20BC769A00ACAB5E /* UICollectionView-Martian.swift in Sources */,
				48F4DC8420BC7A1300ACAB5E /* AlbumsInteractor.swift in Sources */,
				48F4DC5420BC775C00ACAB5E /* LogLevel.swift in Sources */,
				48F4DC4220BC73D100ACAB5E /* UIColor-Martian.swift in Sources */,
				48F4DCAC20BC7DF700ACAB5E /* AlbumsRow.swift in Sources */,
				48F4DC5220BC773400ACAB5E /* Logger.swift in Sources */,
				48E2F9D420C283840026D6D2 /* PostDetailsSection.swift in Sources */,
				48F71E6020BE795F0026D237 /* RestfulNetworkService.swift in Sources */,
				48F4DC9D20BC7B6000ACAB5E /* PostsRow.swift in Sources */,
				48F4DC5C20BC77EF00ACAB5E /* Environment.swift in Sources */,
				48CB204F20C07D58005D1A25 /* HttpRequest.swift in Sources */,
				48F4DC7520BC79C700ACAB5E /* PostsViewController.swift in Sources */,
				48F4DC9B20BC7B5C00ACAB5E /* PostsSection.swift in Sources */,
				48E2F9BD20C27C890026D6D2 /* DecodingErrorDiagnoser.swift in Sources */,
				48E2F9CD20C283550026D6D2 /* PostDetailsCommentCell.swift in Sources */,
				48E2F9D220C2836F0026D6D2 /* PostDetailsDataSource.swift in Sources */,
				48E2F9C620C282B20026D6D2 /* PostDetailsRouter.swift in Sources */,
				48E2F9C720C282B20026D6D2 /* PostDetailsViewController.swift in Sources */,
				48E2F9C520C282B20026D6D2 /* PostDetailsPresenter.swift in Sources */,
				48F4DC8B20BC7A2300ACAB5E /* TodosPresenter.swift in Sources */,
				48F4DC7620BC79C700ACAB5E /* PostsInteractor.swift in Sources */,
				48ECD56020C5F20A00DF14BF /* PhotosDataSource.swift in Sources */,
				48F4DC4E20BC769A00ACAB5E /* UIFont-Martian.swift in Sources */,
				48F55BB520C72406006DF39C /* PhotoViewController.swift in Sources */,
				48E2F9C820C282B20026D6D2 /* PostDetailsInteractor.swift in Sources */,
				48CB205420C08D7A005D1A25 /* HttpRequestQueryBuilder.swift in Sources */,
				48F4DC5E20BC77EF00ACAB5E /* Animations.swift in Sources */,
				48836FDB20BC5D8600BDC99E /* AppDelegate.swift in Sources */,
				48F71E7020BE7BFE0026D237 /* Album.swift in Sources */,
				48F4DC7320BC79C700ACAB5E /* PostsPresenter.swift in Sources */,
				48F4DC6A20BC794C00ACAB5E /* TabBarController.swift in Sources */,
				48F4DC8E20BC7A2300ACAB5E /* TodosInteractor.swift in Sources */,
				48F71E7420BE7C160026D237 /* User.swift in Sources */,
				48F4DC8C20BC7A2300ACAB5E /* TodosRouter.swift in Sources */,
				48F4DC6020BC781500ACAB5E /* URL-Martian.swift in Sources */,
				48F4DC6820BC78BB00ACAB5E /* StartupProcess.swift in Sources */,
				48F55BA420C71D13006DF39C /* AlbumHeaderReusableView.swift in Sources */,
				48F4DCA820BC7DDC00ACAB5E /* AlbumsDataSource.swift in Sources */,
				48ECD56420C5F21700DF14BF /* PhotosRow.swift in Sources */,
				48F4DC5020BC769A00ACAB5E /* UITableView-Martian.swift in Sources */,
				48F4DCBE20BC7F7700ACAB5E /* MartianError.swift in Sources */,
				48F71E6A20BE7BF30026D237 /* Post.swift in Sources */,
				48ECD54620C5EBA100DF14BF /* AlbumPhoto.swift in Sources */,
				48F71E6C20BE7BF60026D237 /* Comment.swift in Sources */,
				48F4DC6720BC78BB00ACAB5E /* StartupProcessService.swift in Sources */,
				48F4DC6620BC78BB00ACAB5E /* AppearanceCustomisationProcess.swift in Sources */,
				48F4DCB320BC7E6600ACAB5E /* TodosRow.swift in Sources */,
				48ECD55B20C5F1A400DF14BF /* PhotosViewController.swift in Sources */,
				48F4DCD520BC864B00ACAB5E /* HttpRequestSerializer.swift in Sources */,
				48F4DC8A20BC7A2300ACAB5E /* TodosContentView.swift in Sources */,
				48F4DC8220BC7A1300ACAB5E /* AlbumsRouter.swift in Sources */,
				48F71E6E20BE7BFA0026D237 /* Todo.swift in Sources */,
				48DEF07F20C84E7C00EBC236 /* TodosWorker.swift in Sources */,
				48F4DCC220BC805C00ACAB5E /* NetworkError.swift in Sources */,
				48DEF07A20C8484B00EBC236 /* TodosCell.swift in Sources */,
				48E2F9E620C28AB00026D6D2 /* CommentingViewController.swift in Sources */,
				48F4DCCD20BC82C300ACAB5E /* Resources.swift in Sources */,
				48F4DC8320BC7A1300ACAB5E /* AlbumsViewController.swift in Sources */,
				48F4DC4620BC767C00ACAB5E /* Collection-Martian.swift in Sources */,
			);
			runOnlyForDeploymentPostprocessing = 0;
		};
		489EA98B20BC5A1100A39B77 /* Sources */ = {
			isa = PBXSourcesBuildPhase;
			buildActionMask = 2147483647;
			files = (
				48CCE53720C0756F004E90EE /* PostsNetworkServiceTests.swift in Sources */,
				48CB205620C09087005D1A25 /* HttpRequestQueryBuilderTests.swift in Sources */,
				489EA99420BC5A1100A39B77 /* MartianForumTests.swift in Sources */,
			);
			runOnlyForDeploymentPostprocessing = 0;
		};
/* End PBXSourcesBuildPhase section */

/* Begin PBXTargetDependency section */
		489EA99120BC5A1100A39B77 /* PBXTargetDependency */ = {
			isa = PBXTargetDependency;
			target = 489EA97A20BC5A1000A39B77 /* MartianForum */;
			targetProxy = 489EA99020BC5A1100A39B77 /* PBXContainerItemProxy */;
		};
/* End PBXTargetDependency section */

/* Begin PBXVariantGroup section */
		48E2F9B620C25BF70026D6D2 /* Localizable.strings */ = {
			isa = PBXVariantGroup;
			children = (
				48E2F9B520C25BF70026D6D2 /* en */,
			);
			name = Localizable.strings;
			sourceTree = "<group>";
		};
/* End PBXVariantGroup section */

/* Begin XCBuildConfiguration section */
		489EA99620BC5A1100A39B77 /* Debug */ = {
			isa = XCBuildConfiguration;
			buildSettings = {
				ALWAYS_SEARCH_USER_PATHS = NO;
				CLANG_ANALYZER_NONNULL = YES;
				CLANG_ANALYZER_NUMBER_OBJECT_CONVERSION = YES_AGGRESSIVE;
				CLANG_CXX_LANGUAGE_STANDARD = "gnu++14";
				CLANG_CXX_LIBRARY = "libc++";
				CLANG_ENABLE_MODULES = YES;
				CLANG_ENABLE_OBJC_ARC = YES;
				CLANG_ENABLE_OBJC_WEAK = YES;
				CLANG_WARN_BLOCK_CAPTURE_AUTORELEASING = YES;
				CLANG_WARN_BOOL_CONVERSION = YES;
				CLANG_WARN_COMMA = YES;
				CLANG_WARN_CONSTANT_CONVERSION = YES;
				CLANG_WARN_DEPRECATED_OBJC_IMPLEMENTATIONS = YES;
				CLANG_WARN_DIRECT_OBJC_ISA_USAGE = YES_ERROR;
				CLANG_WARN_DOCUMENTATION_COMMENTS = YES;
				CLANG_WARN_EMPTY_BODY = YES;
				CLANG_WARN_ENUM_CONVERSION = YES;
				CLANG_WARN_INFINITE_RECURSION = YES;
				CLANG_WARN_INT_CONVERSION = YES;
				CLANG_WARN_NON_LITERAL_NULL_CONVERSION = YES;
				CLANG_WARN_OBJC_IMPLICIT_RETAIN_SELF = YES;
				CLANG_WARN_OBJC_LITERAL_CONVERSION = YES;
				CLANG_WARN_OBJC_ROOT_CLASS = YES_ERROR;
				CLANG_WARN_RANGE_LOOP_ANALYSIS = YES;
				CLANG_WARN_STRICT_PROTOTYPES = YES;
				CLANG_WARN_SUSPICIOUS_MOVE = YES;
				CLANG_WARN_UNGUARDED_AVAILABILITY = YES_AGGRESSIVE;
				CLANG_WARN_UNREACHABLE_CODE = YES;
				CLANG_WARN__DUPLICATE_METHOD_MATCH = YES;
				CODE_SIGN_IDENTITY = "iPhone Developer";
				COPY_PHASE_STRIP = NO;
				DEBUG_INFORMATION_FORMAT = dwarf;
				ENABLE_STRICT_OBJC_MSGSEND = YES;
				ENABLE_TESTABILITY = YES;
				GCC_C_LANGUAGE_STANDARD = gnu11;
				GCC_DYNAMIC_NO_PIC = NO;
				GCC_NO_COMMON_BLOCKS = YES;
				GCC_OPTIMIZATION_LEVEL = 0;
				GCC_PREPROCESSOR_DEFINITIONS = (
					"DEBUG=1",
					"$(inherited)",
				);
				GCC_WARN_64_TO_32_BIT_CONVERSION = YES;
				GCC_WARN_ABOUT_RETURN_TYPE = YES_ERROR;
				GCC_WARN_UNDECLARED_SELECTOR = YES;
				GCC_WARN_UNINITIALIZED_AUTOS = YES_AGGRESSIVE;
				GCC_WARN_UNUSED_FUNCTION = YES;
				GCC_WARN_UNUSED_VARIABLE = YES;
				IPHONEOS_DEPLOYMENT_TARGET = 11.3;
				MTL_ENABLE_DEBUG_INFO = YES;
				ONLY_ACTIVE_ARCH = YES;
				SDKROOT = iphoneos;
				SWIFT_ACTIVE_COMPILATION_CONDITIONS = DEBUG;
				SWIFT_OPTIMIZATION_LEVEL = "-Onone";
			};
			name = Debug;
		};
		489EA99720BC5A1100A39B77 /* Release */ = {
			isa = XCBuildConfiguration;
			buildSettings = {
				ALWAYS_SEARCH_USER_PATHS = NO;
				CLANG_ANALYZER_NONNULL = YES;
				CLANG_ANALYZER_NUMBER_OBJECT_CONVERSION = YES_AGGRESSIVE;
				CLANG_CXX_LANGUAGE_STANDARD = "gnu++14";
				CLANG_CXX_LIBRARY = "libc++";
				CLANG_ENABLE_MODULES = YES;
				CLANG_ENABLE_OBJC_ARC = YES;
				CLANG_ENABLE_OBJC_WEAK = YES;
				CLANG_WARN_BLOCK_CAPTURE_AUTORELEASING = YES;
				CLANG_WARN_BOOL_CONVERSION = YES;
				CLANG_WARN_COMMA = YES;
				CLANG_WARN_CONSTANT_CONVERSION = YES;
				CLANG_WARN_DEPRECATED_OBJC_IMPLEMENTATIONS = YES;
				CLANG_WARN_DIRECT_OBJC_ISA_USAGE = YES_ERROR;
				CLANG_WARN_DOCUMENTATION_COMMENTS = YES;
				CLANG_WARN_EMPTY_BODY = YES;
				CLANG_WARN_ENUM_CONVERSION = YES;
				CLANG_WARN_INFINITE_RECURSION = YES;
				CLANG_WARN_INT_CONVERSION = YES;
				CLANG_WARN_NON_LITERAL_NULL_CONVERSION = YES;
				CLANG_WARN_OBJC_IMPLICIT_RETAIN_SELF = YES;
				CLANG_WARN_OBJC_LITERAL_CONVERSION = YES;
				CLANG_WARN_OBJC_ROOT_CLASS = YES_ERROR;
				CLANG_WARN_RANGE_LOOP_ANALYSIS = YES;
				CLANG_WARN_STRICT_PROTOTYPES = YES;
				CLANG_WARN_SUSPICIOUS_MOVE = YES;
				CLANG_WARN_UNGUARDED_AVAILABILITY = YES_AGGRESSIVE;
				CLANG_WARN_UNREACHABLE_CODE = YES;
				CLANG_WARN__DUPLICATE_METHOD_MATCH = YES;
				CODE_SIGN_IDENTITY = "iPhone Developer";
				COPY_PHASE_STRIP = NO;
				DEBUG_INFORMATION_FORMAT = "dwarf-with-dsym";
				ENABLE_NS_ASSERTIONS = NO;
				ENABLE_STRICT_OBJC_MSGSEND = YES;
				GCC_C_LANGUAGE_STANDARD = gnu11;
				GCC_NO_COMMON_BLOCKS = YES;
				GCC_WARN_64_TO_32_BIT_CONVERSION = YES;
				GCC_WARN_ABOUT_RETURN_TYPE = YES_ERROR;
				GCC_WARN_UNDECLARED_SELECTOR = YES;
				GCC_WARN_UNINITIALIZED_AUTOS = YES_AGGRESSIVE;
				GCC_WARN_UNUSED_FUNCTION = YES;
				GCC_WARN_UNUSED_VARIABLE = YES;
				IPHONEOS_DEPLOYMENT_TARGET = 11.3;
				MTL_ENABLE_DEBUG_INFO = NO;
				SDKROOT = iphoneos;
				SWIFT_COMPILATION_MODE = wholemodule;
				SWIFT_OPTIMIZATION_LEVEL = "-O";
				VALIDATE_PRODUCT = YES;
			};
			name = Release;
		};
		489EA99920BC5A1100A39B77 /* Debug */ = {
			isa = XCBuildConfiguration;
			baseConfigurationReference = 12338E65777B1E001985E489 /* Pods-MartianForum.debug.xcconfig */;
			buildSettings = {
				ASSETCATALOG_COMPILER_APPICON_NAME = AppIcon;
				CODE_SIGN_STYLE = Automatic;
				INFOPLIST_FILE = "$(SRCROOT)/MartianForum/Resources/Other/Info.plist";
				LD_RUNPATH_SEARCH_PATHS = (
					"$(inherited)",
					"@executable_path/Frameworks",
				);
				PRODUCT_BUNDLE_IDENTIFIER = com.codeopolis.MartianForum;
				PRODUCT_NAME = "$(TARGET_NAME)";
				SWIFT_VERSION = 4.0;
				TARGETED_DEVICE_FAMILY = "1,2";
			};
			name = Debug;
		};
		489EA99A20BC5A1100A39B77 /* Release */ = {
			isa = XCBuildConfiguration;
			baseConfigurationReference = A3FF4A76E39A6627C9BB0221 /* Pods-MartianForum.release.xcconfig */;
			buildSettings = {
				ASSETCATALOG_COMPILER_APPICON_NAME = AppIcon;
				CODE_SIGN_STYLE = Automatic;
				INFOPLIST_FILE = "$(SRCROOT)/MartianForum/Resources/Other/Info.plist";
				LD_RUNPATH_SEARCH_PATHS = (
					"$(inherited)",
					"@executable_path/Frameworks",
				);
				PRODUCT_BUNDLE_IDENTIFIER = com.codeopolis.MartianForum;
				PRODUCT_NAME = "$(TARGET_NAME)";
				SWIFT_VERSION = 4.0;
				TARGETED_DEVICE_FAMILY = "1,2";
			};
			name = Release;
		};
		489EA99C20BC5A1100A39B77 /* Debug */ = {
			isa = XCBuildConfiguration;
			baseConfigurationReference = 156D9AF33124ABB1E714C93D /* Pods-MartianForumTests.debug.xcconfig */;
			buildSettings = {
				ALWAYS_EMBED_SWIFT_STANDARD_LIBRARIES = YES;
				BUNDLE_LOADER = "$(TEST_HOST)";
				CODE_SIGN_STYLE = Automatic;
				INFOPLIST_FILE = MartianForumTests/Info.plist;
				LD_RUNPATH_SEARCH_PATHS = (
					"$(inherited)",
					"@executable_path/Frameworks",
					"@loader_path/Frameworks",
				);
				PRODUCT_BUNDLE_IDENTIFIER = com.codeopolis.MartianForumTests;
				PRODUCT_NAME = "$(TARGET_NAME)";
				SWIFT_VERSION = 4.0;
				TARGETED_DEVICE_FAMILY = "1,2";
				TEST_HOST = "$(BUILT_PRODUCTS_DIR)/MartianForum.app/MartianForum";
			};
			name = Debug;
		};
		489EA99D20BC5A1100A39B77 /* Release */ = {
			isa = XCBuildConfiguration;
			baseConfigurationReference = A8C34FE5F79D32D19F3F3C46 /* Pods-MartianForumTests.release.xcconfig */;
			buildSettings = {
				ALWAYS_EMBED_SWIFT_STANDARD_LIBRARIES = YES;
				BUNDLE_LOADER = "$(TEST_HOST)";
				CODE_SIGN_STYLE = Automatic;
				INFOPLIST_FILE = MartianForumTests/Info.plist;
				LD_RUNPATH_SEARCH_PATHS = (
					"$(inherited)",
					"@executable_path/Frameworks",
					"@loader_path/Frameworks",
				);
				PRODUCT_BUNDLE_IDENTIFIER = com.codeopolis.MartianForumTests;
				PRODUCT_NAME = "$(TARGET_NAME)";
				SWIFT_VERSION = 4.0;
				TARGETED_DEVICE_FAMILY = "1,2";
				TEST_HOST = "$(BUILT_PRODUCTS_DIR)/MartianForum.app/MartianForum";
			};
			name = Release;
		};
/* End XCBuildConfiguration section */

/* Begin XCConfigurationList section */
		489EA97620BC5A1000A39B77 /* Build configuration list for PBXProject "MartianForum" */ = {
			isa = XCConfigurationList;
			buildConfigurations = (
				489EA99620BC5A1100A39B77 /* Debug */,
				489EA99720BC5A1100A39B77 /* Release */,
			);
			defaultConfigurationIsVisible = 0;
			defaultConfigurationName = Release;
		};
		489EA99820BC5A1100A39B77 /* Build configuration list for PBXNativeTarget "MartianForum" */ = {
			isa = XCConfigurationList;
			buildConfigurations = (
				489EA99920BC5A1100A39B77 /* Debug */,
				489EA99A20BC5A1100A39B77 /* Release */,
			);
			defaultConfigurationIsVisible = 0;
			defaultConfigurationName = Release;
		};
		489EA99B20BC5A1100A39B77 /* Build configuration list for PBXNativeTarget "MartianForumTests" */ = {
			isa = XCConfigurationList;
			buildConfigurations = (
				489EA99C20BC5A1100A39B77 /* Debug */,
				489EA99D20BC5A1100A39B77 /* Release */,
			);
			defaultConfigurationIsVisible = 0;
			defaultConfigurationName = Release;
		};
/* End XCConfigurationList section */
	};
	rootObject = 489EA97320BC5A1000A39B77 /* Project object */;
}
